// !$*UTF8*$!
{
	archiveVersion = 1;
	classes = {
	};
	objectVersion = 55;
	objects = {

/* Begin PBXBuildFile section */
		47192A0F2858893C004FD2F3 /* DotsApp.swift in Sources */ = {isa = PBXBuildFile; fileRef = 47192A0E2858893C004FD2F3 /* DotsApp.swift */; };
		47192A112858893C004FD2F3 /* ContentView.swift in Sources */ = {isa = PBXBuildFile; fileRef = 47192A102858893C004FD2F3 /* ContentView.swift */; };
		47192A132858893D004FD2F3 /* Assets.xcassets in Resources */ = {isa = PBXBuildFile; fileRef = 47192A122858893D004FD2F3 /* Assets.xcassets */; };
		47192A162858893D004FD2F3 /* Preview Assets.xcassets in Resources */ = {isa = PBXBuildFile; fileRef = 47192A152858893D004FD2F3 /* Preview Assets.xcassets */; };
		47192A202858893D004FD2F3 /* DotsTests.swift in Sources */ = {isa = PBXBuildFile; fileRef = 47192A1F2858893D004FD2F3 /* DotsTests.swift */; };
		47192A2A2858893D004FD2F3 /* DotsUITests.swift in Sources */ = {isa = PBXBuildFile; fileRef = 47192A292858893D004FD2F3 /* DotsUITests.swift */; };
		47192A2C2858893D004FD2F3 /* DotsUITestsLaunchTests.swift in Sources */ = {isa = PBXBuildFile; fileRef = 47192A2B2858893D004FD2F3 /* DotsUITestsLaunchTests.swift */; };
		47192A392858BE7D004FD2F3 /* SplashScreenView.swift in Sources */ = {isa = PBXBuildFile; fileRef = 47192A382858BE7D004FD2F3 /* SplashScreenView.swift */; };
		47192A3E2858C057004FD2F3 /* SettingsView.swift in Sources */ = {isa = PBXBuildFile; fileRef = 47192A3D2858C057004FD2F3 /* SettingsView.swift */; };
		47192A402858C065004FD2F3 /* InformationView.swift in Sources */ = {isa = PBXBuildFile; fileRef = 47192A3F2858C065004FD2F3 /* InformationView.swift */; };
		47192A422858C073004FD2F3 /* PlaygroundView.swift in Sources */ = {isa = PBXBuildFile; fileRef = 47192A412858C073004FD2F3 /* PlaygroundView.swift */; };
		47192A442858C07B004FD2F3 /* SearchWordView.swift in Sources */ = {isa = PBXBuildFile; fileRef = 47192A432858C07B004FD2F3 /* SearchWordView.swift */; };
		47192A462858C086004FD2F3 /* AudioView.swift in Sources */ = {isa = PBXBuildFile; fileRef = 47192A452858C086004FD2F3 /* AudioView.swift */; };
		47192A5B2858CB8F004FD2F3 /* bartimeus6dots.ttf in Resources */ = {isa = PBXBuildFile; fileRef = 47192A5A2858CAD6004FD2F3 /* bartimeus6dots.ttf */; };
		4739DDFD2862D641004537BE /* logobartimeus.json in Resources */ = {isa = PBXBuildFile; fileRef = 4739DDFC2862D640004537BE /* logobartimeus.json */; };
		474CFEBA287551170000BF85 /* README.md in Resources */ = {isa = PBXBuildFile; fileRef = 474CFEB9287551170000BF85 /* README.md */; };
		47588E3D28621122003BBB6B /* samplelogo.json in Resources */ = {isa = PBXBuildFile; fileRef = 47588E3C28621122003BBB6B /* samplelogo.json */; };
		47DC7BF92858FDDA0095EC8F /* Subsonic in Frameworks */ = {isa = PBXBuildFile; productRef = 47DC7BF82858FDDA0095EC8F /* Subsonic */; };
		47EBF7BE285AECD000E8F230 /* sample4.mp3 in Resources */ = {isa = PBXBuildFile; fileRef = 47EBF7B9285AECD000E8F230 /* sample4.mp3 */; };
		47EBF7BF285AECD000E8F230 /* sample3.mp3 in Resources */ = {isa = PBXBuildFile; fileRef = 47EBF7BA285AECD000E8F230 /* sample3.mp3 */; };
		47EBF7C0285AECD000E8F230 /* sample2.mp3 in Resources */ = {isa = PBXBuildFile; fileRef = 47EBF7BB285AECD000E8F230 /* sample2.mp3 */; };
		47EBF7C1285AECD000E8F230 /* sample1.mp3 in Resources */ = {isa = PBXBuildFile; fileRef = 47EBF7BC285AECD000E8F230 /* sample1.mp3 */; };
		47EBF7C2285AECD000E8F230 /* Symphony No.6 (1st movement).mp3 in Resources */ = {isa = PBXBuildFile; fileRef = 47EBF7BD285AECD000E8F230 /* Symphony No.6 (1st movement).mp3 */; };
		47EBF7C42860D80D00E8F230 /* jsonmanager.swift in Sources */ = {isa = PBXBuildFile; fileRef = 47EBF7C32860D80D00E8F230 /* jsonmanager.swift */; };
		47EBF7C62860D84200E8F230 /* methods.json in Resources */ = {isa = PBXBuildFile; fileRef = 47EBF7C52860D84200E8F230 /* methods.json */; };
		47EBF805286200CA00E8F230 /* LottieView.swift in Sources */ = {isa = PBXBuildFile; fileRef = 47EBF804286200CA00E8F230 /* LottieView.swift */; };
		47EBF808286200F700E8F230 /* Lottie in Frameworks */ = {isa = PBXBuildFile; productRef = 47EBF807286200F700E8F230 /* Lottie */; };
		47EBF80A2862011900E8F230 /* 16607-dots.json in Resources */ = {isa = PBXBuildFile; fileRef = 47EBF8092862011900E8F230 /* 16607-dots.json */; };
		47EBF80C2862031200E8F230 /* dotsloader.json in Resources */ = {isa = PBXBuildFile; fileRef = 47EBF80B2862031200E8F230 /* dotsloader.json */; };
/* End PBXBuildFile section */

/* Begin PBXContainerItemProxy section */
		47192A1C2858893D004FD2F3 /* PBXContainerItemProxy */ = {
			isa = PBXContainerItemProxy;
			containerPortal = 47192A032858893C004FD2F3 /* Project object */;
			proxyType = 1;
			remoteGlobalIDString = 47192A0A2858893C004FD2F3;
			remoteInfo = Dots;
		};
		47192A262858893D004FD2F3 /* PBXContainerItemProxy */ = {
			isa = PBXContainerItemProxy;
			containerPortal = 47192A032858893C004FD2F3 /* Project object */;
			proxyType = 1;
			remoteGlobalIDString = 47192A0A2858893C004FD2F3;
			remoteInfo = Dots;
		};
/* End PBXContainerItemProxy section */

/* Begin PBXFileReference section */
		47192A0B2858893C004FD2F3 /* Dots.app */ = {isa = PBXFileReference; explicitFileType = wrapper.application; includeInIndex = 0; path = Dots.app; sourceTree = BUILT_PRODUCTS_DIR; };
		47192A0E2858893C004FD2F3 /* DotsApp.swift */ = {isa = PBXFileReference; lastKnownFileType = sourcecode.swift; path = DotsApp.swift; sourceTree = "<group>"; };
		47192A102858893C004FD2F3 /* ContentView.swift */ = {isa = PBXFileReference; lastKnownFileType = sourcecode.swift; path = ContentView.swift; sourceTree = "<group>"; };
		47192A122858893D004FD2F3 /* Assets.xcassets */ = {isa = PBXFileReference; lastKnownFileType = folder.assetcatalog; path = Assets.xcassets; sourceTree = "<group>"; };
		47192A152858893D004FD2F3 /* Preview Assets.xcassets */ = {isa = PBXFileReference; lastKnownFileType = folder.assetcatalog; path = "Preview Assets.xcassets"; sourceTree = "<group>"; };
		47192A1B2858893D004FD2F3 /* DotsTests.xctest */ = {isa = PBXFileReference; explicitFileType = wrapper.cfbundle; includeInIndex = 0; path = DotsTests.xctest; sourceTree = BUILT_PRODUCTS_DIR; };
		47192A1F2858893D004FD2F3 /* DotsTests.swift */ = {isa = PBXFileReference; lastKnownFileType = sourcecode.swift; path = DotsTests.swift; sourceTree = "<group>"; };
		47192A252858893D004FD2F3 /* DotsUITests.xctest */ = {isa = PBXFileReference; explicitFileType = wrapper.cfbundle; includeInIndex = 0; path = DotsUITests.xctest; sourceTree = BUILT_PRODUCTS_DIR; };
		47192A292858893D004FD2F3 /* DotsUITests.swift */ = {isa = PBXFileReference; lastKnownFileType = sourcecode.swift; path = DotsUITests.swift; sourceTree = "<group>"; };
		47192A2B2858893D004FD2F3 /* DotsUITestsLaunchTests.swift */ = {isa = PBXFileReference; lastKnownFileType = sourcecode.swift; path = DotsUITestsLaunchTests.swift; sourceTree = "<group>"; };
		47192A382858BE7D004FD2F3 /* SplashScreenView.swift */ = {isa = PBXFileReference; fileEncoding = 4; lastKnownFileType = sourcecode.swift; path = SplashScreenView.swift; sourceTree = "<group>"; };
		47192A3C2858BFA4004FD2F3 /* Info.plist */ = {isa = PBXFileReference; lastKnownFileType = text.plist; path = Info.plist; sourceTree = "<group>"; };
		47192A3D2858C057004FD2F3 /* SettingsView.swift */ = {isa = PBXFileReference; fileEncoding = 4; lastKnownFileType = sourcecode.swift; path = SettingsView.swift; sourceTree = "<group>"; };
		47192A3F2858C065004FD2F3 /* InformationView.swift */ = {isa = PBXFileReference; fileEncoding = 4; lastKnownFileType = sourcecode.swift; path = InformationView.swift; sourceTree = "<group>"; };
		47192A412858C073004FD2F3 /* PlaygroundView.swift */ = {isa = PBXFileReference; fileEncoding = 4; lastKnownFileType = sourcecode.swift; path = PlaygroundView.swift; sourceTree = "<group>"; };
		47192A432858C07B004FD2F3 /* SearchWordView.swift */ = {isa = PBXFileReference; fileEncoding = 4; lastKnownFileType = sourcecode.swift; path = SearchWordView.swift; sourceTree = "<group>"; };
		47192A452858C086004FD2F3 /* AudioView.swift */ = {isa = PBXFileReference; fileEncoding = 4; lastKnownFileType = sourcecode.swift; path = AudioView.swift; sourceTree = "<group>"; };
		47192A5A2858CAD6004FD2F3 /* bartimeus6dots.ttf */ = {isa = PBXFileReference; lastKnownFileType = file; path = bartimeus6dots.ttf; sourceTree = "<group>"; };
		4739DDFC2862D640004537BE /* logobartimeus.json */ = {isa = PBXFileReference; fileEncoding = 4; lastKnownFileType = text.json; path = logobartimeus.json; sourceTree = "<group>"; };
		474CFEB9287551170000BF85 /* README.md */ = {isa = PBXFileReference; fileEncoding = 4; lastKnownFileType = net.daringfireball.markdown; path = README.md; sourceTree = SOURCE_ROOT; };
		47588E3C28621122003BBB6B /* samplelogo.json */ = {isa = PBXFileReference; fileEncoding = 4; lastKnownFileType = text.json; path = samplelogo.json; sourceTree = "<group>"; };
		47EBF7B9285AECD000E8F230 /* sample4.mp3 */ = {isa = PBXFileReference; lastKnownFileType = audio.mp3; path = sample4.mp3; sourceTree = "<group>"; };
		47EBF7BA285AECD000E8F230 /* sample3.mp3 */ = {isa = PBXFileReference; lastKnownFileType = audio.mp3; path = sample3.mp3; sourceTree = "<group>"; };
		47EBF7BB285AECD000E8F230 /* sample2.mp3 */ = {isa = PBXFileReference; lastKnownFileType = audio.mp3; path = sample2.mp3; sourceTree = "<group>"; };
		47EBF7BC285AECD000E8F230 /* sample1.mp3 */ = {isa = PBXFileReference; lastKnownFileType = audio.mp3; path = sample1.mp3; sourceTree = "<group>"; };
		47EBF7BD285AECD000E8F230 /* Symphony No.6 (1st movement).mp3 */ = {isa = PBXFileReference; lastKnownFileType = audio.mp3; path = "Symphony No.6 (1st movement).mp3"; sourceTree = "<group>"; };
		47EBF7C32860D80D00E8F230 /* jsonmanager.swift */ = {isa = PBXFileReference; lastKnownFileType = sourcecode.swift; path = jsonmanager.swift; sourceTree = "<group>"; };
		47EBF7C52860D84200E8F230 /* methods.json */ = {isa = PBXFileReference; lastKnownFileType = text.json; path = methods.json; sourceTree = "<group>"; };
		47EBF804286200CA00E8F230 /* LottieView.swift */ = {isa = PBXFileReference; lastKnownFileType = sourcecode.swift; path = LottieView.swift; sourceTree = "<group>"; };
		47EBF8092862011900E8F230 /* 16607-dots.json */ = {isa = PBXFileReference; fileEncoding = 4; lastKnownFileType = text.json; path = "16607-dots.json"; sourceTree = "<group>"; };
		47EBF80B2862031200E8F230 /* dotsloader.json */ = {isa = PBXFileReference; fileEncoding = 4; lastKnownFileType = text.json; path = dotsloader.json; sourceTree = "<group>"; };
/* End PBXFileReference section */

/* Begin PBXFrameworksBuildPhase section */
		47192A082858893C004FD2F3 /* Frameworks */ = {
			isa = PBXFrameworksBuildPhase;
			buildActionMask = 2147483647;
			files = (
				47DC7BF92858FDDA0095EC8F /* Subsonic in Frameworks */,
				47EBF808286200F700E8F230 /* Lottie in Frameworks */,
			);
			runOnlyForDeploymentPostprocessing = 0;
		};
		47192A182858893D004FD2F3 /* Frameworks */ = {
			isa = PBXFrameworksBuildPhase;
			buildActionMask = 2147483647;
			files = (
			);
			runOnlyForDeploymentPostprocessing = 0;
		};
		47192A222858893D004FD2F3 /* Frameworks */ = {
			isa = PBXFrameworksBuildPhase;
			buildActionMask = 2147483647;
			files = (
			);
			runOnlyForDeploymentPostprocessing = 0;
		};
/* End PBXFrameworksBuildPhase section */

/* Begin PBXGroup section */
		47192A022858893C004FD2F3 = {
			isa = PBXGroup;
			children = (
				47192A0D2858893C004FD2F3 /* Dots */,
				47192A1E2858893D004FD2F3 /* DotsTests */,
				47192A282858893D004FD2F3 /* DotsUITests */,
				47192A0C2858893C004FD2F3 /* Products */,
			);
			sourceTree = "<group>";
			usesTabs = 0;
		};
		47192A0C2858893C004FD2F3 /* Products */ = {
			isa = PBXGroup;
			children = (
				47192A0B2858893C004FD2F3 /* Dots.app */,
				47192A1B2858893D004FD2F3 /* DotsTests.xctest */,
				47192A252858893D004FD2F3 /* DotsUITests.xctest */,
			);
			name = Products;
			sourceTree = "<group>";
		};
		47192A0D2858893C004FD2F3 /* Dots */ = {
			isa = PBXGroup;
			children = (
				47192A0E2858893C004FD2F3 /* DotsApp.swift */,
				474CFEBB2875B49A0000BF85 /* Views */,
				47EBF7B8285AECD000E8F230 /* Audio */,
				47192A3C2858BFA4004FD2F3 /* Info.plist */,
				47192A122858893D004FD2F3 /* Assets.xcassets */,
				47192A572858CAD6004FD2F3 /* Resources */,
				47192A142858893D004FD2F3 /* Preview Content */,
			);
			path = Dots;
			sourceTree = "<group>";
		};
		47192A142858893D004FD2F3 /* Preview Content */ = {
			isa = PBXGroup;
			children = (
				47192A152858893D004FD2F3 /* Preview Assets.xcassets */,
			);
			path = "Preview Content";
			sourceTree = "<group>";
		};
		47192A1E2858893D004FD2F3 /* DotsTests */ = {
			isa = PBXGroup;
			children = (
				47192A1F2858893D004FD2F3 /* DotsTests.swift */,
			);
			path = DotsTests;
			sourceTree = "<group>";
		};
		47192A282858893D004FD2F3 /* DotsUITests */ = {
			isa = PBXGroup;
			children = (
				47192A292858893D004FD2F3 /* DotsUITests.swift */,
				47192A2B2858893D004FD2F3 /* DotsUITestsLaunchTests.swift */,
			);
			path = DotsUITests;
			sourceTree = "<group>";
		};
		47192A572858CAD6004FD2F3 /* Resources */ = {
			isa = PBXGroup;
			children = (
				474CFEB9287551170000BF85 /* README.md */,
				47192A5A2858CAD6004FD2F3 /* bartimeus6dots.ttf */,
				4739DDFC2862D640004537BE /* logobartimeus.json */,
				47EBF80B2862031200E8F230 /* dotsloader.json */,
				47EBF8092862011900E8F230 /* 16607-dots.json */,
				47588E3C28621122003BBB6B /* samplelogo.json */,
				47EBF7C52860D84200E8F230 /* methods.json */,
				47EBF7C32860D80D00E8F230 /* jsonmanager.swift */,
			);
			path = Resources;
			sourceTree = "<group>";
		};
		474CFEBB2875B49A0000BF85 /* Views */ = {
			isa = PBXGroup;
			children = (
				47192A382858BE7D004FD2F3 /* SplashScreenView.swift */,
				47EBF804286200CA00E8F230 /* LottieView.swift */,
				47192A102858893C004FD2F3 /* ContentView.swift */,
				47192A3D2858C057004FD2F3 /* SettingsView.swift */,
				47192A412858C073004FD2F3 /* PlaygroundView.swift */,
				47192A432858C07B004FD2F3 /* SearchWordView.swift */,
				47192A452858C086004FD2F3 /* AudioView.swift */,
				47192A3F2858C065004FD2F3 /* InformationView.swift */,
			);
			path = Views;
			sourceTree = "<group>";
		};
		47EBF7B8285AECD000E8F230 /* Audio */ = {
			isa = PBXGroup;
			children = (
				47EBF7BC285AECD000E8F230 /* sample1.mp3 */,
				47EBF7BB285AECD000E8F230 /* sample2.mp3 */,
				47EBF7BA285AECD000E8F230 /* sample3.mp3 */,
				47EBF7B9285AECD000E8F230 /* sample4.mp3 */,
				47EBF7BD285AECD000E8F230 /* Symphony No.6 (1st movement).mp3 */,
			);
			path = Audio;
			sourceTree = "<group>";
		};
/* End PBXGroup section */

/* Begin PBXNativeTarget section */
		47192A0A2858893C004FD2F3 /* Dots */ = {
			isa = PBXNativeTarget;
			buildConfigurationList = 47192A2F2858893D004FD2F3 /* Build configuration list for PBXNativeTarget "Dots" */;
			buildPhases = (
				47192A072858893C004FD2F3 /* Sources */,
				47192A082858893C004FD2F3 /* Frameworks */,
				47192A092858893C004FD2F3 /* Resources */,
			);
			buildRules = (
			);
			dependencies = (
			);
			name = Dots;
			packageProductDependencies = (
				47DC7BF82858FDDA0095EC8F /* Subsonic */,
				47EBF807286200F700E8F230 /* Lottie */,
			);
			productName = Dots;
			productReference = 47192A0B2858893C004FD2F3 /* Dots.app */;
			productType = "com.apple.product-type.application";
		};
		47192A1A2858893D004FD2F3 /* DotsTests */ = {
			isa = PBXNativeTarget;
			buildConfigurationList = 47192A322858893D004FD2F3 /* Build configuration list for PBXNativeTarget "DotsTests" */;
			buildPhases = (
				47192A172858893D004FD2F3 /* Sources */,
				47192A182858893D004FD2F3 /* Frameworks */,
				47192A192858893D004FD2F3 /* Resources */,
			);
			buildRules = (
			);
			dependencies = (
				47192A1D2858893D004FD2F3 /* PBXTargetDependency */,
			);
			name = DotsTests;
			productName = DotsTests;
			productReference = 47192A1B2858893D004FD2F3 /* DotsTests.xctest */;
			productType = "com.apple.product-type.bundle.unit-test";
		};
		47192A242858893D004FD2F3 /* DotsUITests */ = {
			isa = PBXNativeTarget;
			buildConfigurationList = 47192A352858893D004FD2F3 /* Build configuration list for PBXNativeTarget "DotsUITests" */;
			buildPhases = (
				47192A212858893D004FD2F3 /* Sources */,
				47192A222858893D004FD2F3 /* Frameworks */,
				47192A232858893D004FD2F3 /* Resources */,
			);
			buildRules = (
			);
			dependencies = (
				47192A272858893D004FD2F3 /* PBXTargetDependency */,
			);
			name = DotsUITests;
			productName = DotsUITests;
			productReference = 47192A252858893D004FD2F3 /* DotsUITests.xctest */;
			productType = "com.apple.product-type.bundle.ui-testing";
		};
/* End PBXNativeTarget section */

/* Begin PBXProject section */
		47192A032858893C004FD2F3 /* Project object */ = {
			isa = PBXProject;
			attributes = {
				BuildIndependentTargetsInParallel = 1;
				LastSwiftUpdateCheck = 1340;
				LastUpgradeCheck = 1340;
				TargetAttributes = {
					47192A0A2858893C004FD2F3 = {
						CreatedOnToolsVersion = 13.4.1;
					};
					47192A1A2858893D004FD2F3 = {
						CreatedOnToolsVersion = 13.4.1;
						TestTargetID = 47192A0A2858893C004FD2F3;
					};
					47192A242858893D004FD2F3 = {
						CreatedOnToolsVersion = 13.4.1;
						TestTargetID = 47192A0A2858893C004FD2F3;
					};
				};
			};
			buildConfigurationList = 47192A062858893C004FD2F3 /* Build configuration list for PBXProject "Dots" */;
			compatibilityVersion = "Xcode 13.0";
			developmentRegion = en;
			hasScannedForEncodings = 0;
			knownRegions = (
				en,
				Base,
			);
			mainGroup = 47192A022858893C004FD2F3;
			packageReferences = (
				47DC7BF72858FDDA0095EC8F /* XCRemoteSwiftPackageReference "Subsonic" */,
				47EBF806286200F700E8F230 /* XCRemoteSwiftPackageReference "lottie-ios" */,
			);
			productRefGroup = 47192A0C2858893C004FD2F3 /* Products */;
			projectDirPath = "";
			projectRoot = "";
			targets = (
				47192A0A2858893C004FD2F3 /* Dots */,
				47192A1A2858893D004FD2F3 /* DotsTests */,
				47192A242858893D004FD2F3 /* DotsUITests */,
			);
		};
/* End PBXProject section */

/* Begin PBXResourcesBuildPhase section */
		47192A092858893C004FD2F3 /* Resources */ = {
			isa = PBXResourcesBuildPhase;
			buildActionMask = 2147483647;
			files = (
				4739DDFD2862D641004537BE /* logobartimeus.json in Resources */,
				47EBF7BE285AECD000E8F230 /* sample4.mp3 in Resources */,
				47192A162858893D004FD2F3 /* Preview Assets.xcassets in Resources */,
				47EBF7C0285AECD000E8F230 /* sample2.mp3 in Resources */,
				47EBF7BF285AECD000E8F230 /* sample3.mp3 in Resources */,
				47EBF7C2285AECD000E8F230 /* Symphony No.6 (1st movement).mp3 in Resources */,
				47EBF80C2862031200E8F230 /* dotsloader.json in Resources */,
				47EBF7C1285AECD000E8F230 /* sample1.mp3 in Resources */,
				47EBF80A2862011900E8F230 /* 16607-dots.json in Resources */,
				47192A5B2858CB8F004FD2F3 /* bartimeus6dots.ttf in Resources */,
				474CFEBA287551170000BF85 /* README.md in Resources */,
				47192A132858893D004FD2F3 /* Assets.xcassets in Resources */,
				47588E3D28621122003BBB6B /* samplelogo.json in Resources */,
				47EBF7C62860D84200E8F230 /* methods.json in Resources */,
			);
			runOnlyForDeploymentPostprocessing = 0;
		};
		47192A192858893D004FD2F3 /* Resources */ = {
			isa = PBXResourcesBuildPhase;
			buildActionMask = 2147483647;
			files = (
			);
			runOnlyForDeploymentPostprocessing = 0;
		};
		47192A232858893D004FD2F3 /* Resources */ = {
			isa = PBXResourcesBuildPhase;
			buildActionMask = 2147483647;
			files = (
			);
			runOnlyForDeploymentPostprocessing = 0;
		};
/* End PBXResourcesBuildPhase section */

/* Begin PBXSourcesBuildPhase section */
		47192A072858893C004FD2F3 /* Sources */ = {
			isa = PBXSourcesBuildPhase;
			buildActionMask = 2147483647;
			files = (
				47192A402858C065004FD2F3 /* InformationView.swift in Sources */,
				47192A442858C07B004FD2F3 /* SearchWordView.swift in Sources */,
				47192A422858C073004FD2F3 /* PlaygroundView.swift in Sources */,
				47192A112858893C004FD2F3 /* ContentView.swift in Sources */,
				47192A3E2858C057004FD2F3 /* SettingsView.swift in Sources */,
				47192A0F2858893C004FD2F3 /* DotsApp.swift in Sources */,
				47EBF7C42860D80D00E8F230 /* jsonmanager.swift in Sources */,
				47EBF805286200CA00E8F230 /* LottieView.swift in Sources */,
				47192A392858BE7D004FD2F3 /* SplashScreenView.swift in Sources */,
				47192A462858C086004FD2F3 /* AudioView.swift in Sources */,
			);
			runOnlyForDeploymentPostprocessing = 0;
		};
		47192A172858893D004FD2F3 /* Sources */ = {
			isa = PBXSourcesBuildPhase;
			buildActionMask = 2147483647;
			files = (
				47192A202858893D004FD2F3 /* DotsTests.swift in Sources */,
			);
			runOnlyForDeploymentPostprocessing = 0;
		};
		47192A212858893D004FD2F3 /* Sources */ = {
			isa = PBXSourcesBuildPhase;
			buildActionMask = 2147483647;
			files = (
				47192A2C2858893D004FD2F3 /* DotsUITestsLaunchTests.swift in Sources */,
				47192A2A2858893D004FD2F3 /* DotsUITests.swift in Sources */,
			);
			runOnlyForDeploymentPostprocessing = 0;
		};
/* End PBXSourcesBuildPhase section */

/* Begin PBXTargetDependency section */
		47192A1D2858893D004FD2F3 /* PBXTargetDependency */ = {
			isa = PBXTargetDependency;
			target = 47192A0A2858893C004FD2F3 /* Dots */;
			targetProxy = 47192A1C2858893D004FD2F3 /* PBXContainerItemProxy */;
		};
		47192A272858893D004FD2F3 /* PBXTargetDependency */ = {
			isa = PBXTargetDependency;
			target = 47192A0A2858893C004FD2F3 /* Dots */;
			targetProxy = 47192A262858893D004FD2F3 /* PBXContainerItemProxy */;
		};
/* End PBXTargetDependency section */

/* Begin XCBuildConfiguration section */
		47192A2D2858893D004FD2F3 /* Debug */ = {
			isa = XCBuildConfiguration;
			buildSettings = {
				ALWAYS_SEARCH_USER_PATHS = NO;
				CLANG_ANALYZER_NONNULL = YES;
				CLANG_ANALYZER_NUMBER_OBJECT_CONVERSION = YES_AGGRESSIVE;
				CLANG_CXX_LANGUAGE_STANDARD = "gnu++17";
				CLANG_ENABLE_MODULES = YES;
				CLANG_ENABLE_OBJC_ARC = YES;
				CLANG_ENABLE_OBJC_WEAK = YES;
				CLANG_WARN_BLOCK_CAPTURE_AUTORELEASING = YES;
				CLANG_WARN_BOOL_CONVERSION = YES;
				CLANG_WARN_COMMA = YES;
				CLANG_WARN_CONSTANT_CONVERSION = YES;
				CLANG_WARN_DEPRECATED_OBJC_IMPLEMENTATIONS = YES;
				CLANG_WARN_DIRECT_OBJC_ISA_USAGE = YES_ERROR;
				CLANG_WARN_DOCUMENTATION_COMMENTS = YES;
				CLANG_WARN_EMPTY_BODY = YES;
				CLANG_WARN_ENUM_CONVERSION = YES;
				CLANG_WARN_INFINITE_RECURSION = YES;
				CLANG_WARN_INT_CONVERSION = YES;
				CLANG_WARN_NON_LITERAL_NULL_CONVERSION = YES;
				CLANG_WARN_OBJC_IMPLICIT_RETAIN_SELF = YES;
				CLANG_WARN_OBJC_LITERAL_CONVERSION = YES;
				CLANG_WARN_OBJC_ROOT_CLASS = YES_ERROR;
				CLANG_WARN_QUOTED_INCLUDE_IN_FRAMEWORK_HEADER = YES;
				CLANG_WARN_RANGE_LOOP_ANALYSIS = YES;
				CLANG_WARN_STRICT_PROTOTYPES = YES;
				CLANG_WARN_SUSPICIOUS_MOVE = YES;
				CLANG_WARN_UNGUARDED_AVAILABILITY = YES_AGGRESSIVE;
				CLANG_WARN_UNREACHABLE_CODE = YES;
				CLANG_WARN__DUPLICATE_METHOD_MATCH = YES;
				COPY_PHASE_STRIP = NO;
				DEBUG_INFORMATION_FORMAT = dwarf;
				EMBED_ASSET_PACKS_IN_PRODUCT_BUNDLE = NO;
				ENABLE_STRICT_OBJC_MSGSEND = YES;
				ENABLE_TESTABILITY = YES;
				GCC_C_LANGUAGE_STANDARD = gnu11;
				GCC_DYNAMIC_NO_PIC = NO;
				GCC_NO_COMMON_BLOCKS = YES;
				GCC_OPTIMIZATION_LEVEL = 0;
				GCC_PREPROCESSOR_DEFINITIONS = (
					"DEBUG=1",
					"$(inherited)",
				);
				GCC_WARN_64_TO_32_BIT_CONVERSION = YES;
				GCC_WARN_ABOUT_RETURN_TYPE = YES_ERROR;
				GCC_WARN_UNDECLARED_SELECTOR = YES;
				GCC_WARN_UNINITIALIZED_AUTOS = YES_AGGRESSIVE;
				GCC_WARN_UNUSED_FUNCTION = YES;
				GCC_WARN_UNUSED_VARIABLE = YES;
				IPHONEOS_DEPLOYMENT_TARGET = 15.5;
				MTL_ENABLE_DEBUG_INFO = INCLUDE_SOURCE;
				MTL_FAST_MATH = YES;
				ONLY_ACTIVE_ARCH = YES;
				SDKROOT = iphoneos;
				SWIFT_ACTIVE_COMPILATION_CONDITIONS = DEBUG;
				SWIFT_OPTIMIZATION_LEVEL = "-Onone";
			};
			name = Debug;
		};
		47192A2E2858893D004FD2F3 /* Release */ = {
			isa = XCBuildConfiguration;
			buildSettings = {
				ALWAYS_SEARCH_USER_PATHS = NO;
				CLANG_ANALYZER_NONNULL = YES;
				CLANG_ANALYZER_NUMBER_OBJECT_CONVERSION = YES_AGGRESSIVE;
				CLANG_CXX_LANGUAGE_STANDARD = "gnu++17";
				CLANG_ENABLE_MODULES = YES;
				CLANG_ENABLE_OBJC_ARC = YES;
				CLANG_ENABLE_OBJC_WEAK = YES;
				CLANG_WARN_BLOCK_CAPTURE_AUTORELEASING = YES;
				CLANG_WARN_BOOL_CONVERSION = YES;
				CLANG_WARN_COMMA = YES;
				CLANG_WARN_CONSTANT_CONVERSION = YES;
				CLANG_WARN_DEPRECATED_OBJC_IMPLEMENTATIONS = YES;
				CLANG_WARN_DIRECT_OBJC_ISA_USAGE = YES_ERROR;
				CLANG_WARN_DOCUMENTATION_COMMENTS = YES;
				CLANG_WARN_EMPTY_BODY = YES;
				CLANG_WARN_ENUM_CONVERSION = YES;
				CLANG_WARN_INFINITE_RECURSION = YES;
				CLANG_WARN_INT_CONVERSION = YES;
				CLANG_WARN_NON_LITERAL_NULL_CONVERSION = YES;
				CLANG_WARN_OBJC_IMPLICIT_RETAIN_SELF = YES;
				CLANG_WARN_OBJC_LITERAL_CONVERSION = YES;
				CLANG_WARN_OBJC_ROOT_CLASS = YES_ERROR;
				CLANG_WARN_QUOTED_INCLUDE_IN_FRAMEWORK_HEADER = YES;
				CLANG_WARN_RANGE_LOOP_ANALYSIS = YES;
				CLANG_WARN_STRICT_PROTOTYPES = YES;
				CLANG_WARN_SUSPICIOUS_MOVE = YES;
				CLANG_WARN_UNGUARDED_AVAILABILITY = YES_AGGRESSIVE;
				CLANG_WARN_UNREACHABLE_CODE = YES;
				CLANG_WARN__DUPLICATE_METHOD_MATCH = YES;
				COPY_PHASE_STRIP = NO;
				DEBUG_INFORMATION_FORMAT = "dwarf-with-dsym";
				EMBED_ASSET_PACKS_IN_PRODUCT_BUNDLE = NO;
				ENABLE_NS_ASSERTIONS = NO;
				ENABLE_STRICT_OBJC_MSGSEND = YES;
				GCC_C_LANGUAGE_STANDARD = gnu11;
				GCC_NO_COMMON_BLOCKS = YES;
				GCC_WARN_64_TO_32_BIT_CONVERSION = YES;
				GCC_WARN_ABOUT_RETURN_TYPE = YES_ERROR;
				GCC_WARN_UNDECLARED_SELECTOR = YES;
				GCC_WARN_UNINITIALIZED_AUTOS = YES_AGGRESSIVE;
				GCC_WARN_UNUSED_FUNCTION = YES;
				GCC_WARN_UNUSED_VARIABLE = YES;
				IPHONEOS_DEPLOYMENT_TARGET = 15.5;
				MTL_ENABLE_DEBUG_INFO = NO;
				MTL_FAST_MATH = YES;
				SDKROOT = iphoneos;
				SWIFT_COMPILATION_MODE = wholemodule;
				SWIFT_OPTIMIZATION_LEVEL = "-O";
				VALIDATE_PRODUCT = YES;
			};
			name = Release;
		};
		47192A302858893D004FD2F3 /* Debug */ = {
			isa = XCBuildConfiguration;
			buildSettings = {
				ASSETCATALOG_COMPILER_APPICON_NAME = AppIcon;
				ASSETCATALOG_COMPILER_GLOBAL_ACCENT_COLOR_NAME = AccentColor;
				CODE_SIGN_STYLE = Automatic;
				CURRENT_PROJECT_VERSION = 1;
				DEVELOPMENT_ASSET_PATHS = "\"Dots/Preview Content\"";
				DEVELOPMENT_TEAM = 278BFDM8KA;
				ENABLE_PREVIEWS = YES;
				GENERATE_INFOPLIST_FILE = YES;
				INFOPLIST_FILE = Dots/Info.plist;
				INFOPLIST_KEY_UIApplicationSceneManifest_Generation = YES;
				INFOPLIST_KEY_UIApplicationSupportsIndirectInputEvents = YES;
				INFOPLIST_KEY_UILaunchScreen_Generation = YES;
				INFOPLIST_KEY_UISupportedInterfaceOrientations_iPad = "UIInterfaceOrientationPortrait UIInterfaceOrientationPortraitUpsideDown UIInterfaceOrientationLandscapeLeft UIInterfaceOrientationLandscapeRight";
				INFOPLIST_KEY_UISupportedInterfaceOrientations_iPhone = "UIInterfaceOrientationPortrait UIInterfaceOrientationLandscapeLeft UIInterfaceOrientationLandscapeRight";
				LD_RUNPATH_SEARCH_PATHS = (
					"$(inherited)",
					"@executable_path/Frameworks",
				);
				MARKETING_VERSION = 1.0;
				PRODUCT_BUNDLE_IDENTIFIER = www.tastenbraille.com.Dots;
				PRODUCT_NAME = "$(TARGET_NAME)";
				SWIFT_EMIT_LOC_STRINGS = YES;
				SWIFT_VERSION = 5.0;
				TARGETED_DEVICE_FAMILY = "1,2";
			};
			name = Debug;
		};
		47192A312858893D004FD2F3 /* Release */ = {
			isa = XCBuildConfiguration;
			buildSettings = {
				ASSETCATALOG_COMPILER_APPICON_NAME = AppIcon;
				ASSETCATALOG_COMPILER_GLOBAL_ACCENT_COLOR_NAME = AccentColor;
				CODE_SIGN_STYLE = Automatic;
				CURRENT_PROJECT_VERSION = 1;
				DEVELOPMENT_ASSET_PATHS = "\"Dots/Preview Content\"";
				DEVELOPMENT_TEAM = 278BFDM8KA;
				ENABLE_PREVIEWS = YES;
				GENERATE_INFOPLIST_FILE = YES;
				INFOPLIST_FILE = Dots/Info.plist;
				INFOPLIST_KEY_UIApplicationSceneManifest_Generation = YES;
				INFOPLIST_KEY_UIApplicationSupportsIndirectInputEvents = YES;
				INFOPLIST_KEY_UILaunchScreen_Generation = YES;
				INFOPLIST_KEY_UISupportedInterfaceOrientations_iPad = "UIInterfaceOrientationPortrait UIInterfaceOrientationPortraitUpsideDown UIInterfaceOrientationLandscapeLeft UIInterfaceOrientationLandscapeRight";
				INFOPLIST_KEY_UISupportedInterfaceOrientations_iPhone = "UIInterfaceOrientationPortrait UIInterfaceOrientationLandscapeLeft UIInterfaceOrientationLandscapeRight";
				LD_RUNPATH_SEARCH_PATHS = (
					"$(inherited)",
					"@executable_path/Frameworks",
				);
				MARKETING_VERSION = 1.0;
				PRODUCT_BUNDLE_IDENTIFIER = www.tastenbraille.com.Dots;
				PRODUCT_NAME = "$(TARGET_NAME)";
				SWIFT_EMIT_LOC_STRINGS = YES;
				SWIFT_VERSION = 5.0;
				TARGETED_DEVICE_FAMILY = "1,2";
			};
			name = Release;
		};
		47192A332858893D004FD2F3 /* Debug */ = {
			isa = XCBuildConfiguration;
			buildSettings = {
				ALWAYS_EMBED_SWIFT_STANDARD_LIBRARIES = YES;
				BUNDLE_LOADER = "$(TEST_HOST)";
				CODE_SIGN_STYLE = Automatic;
				CURRENT_PROJECT_VERSION = 1;
				DEVELOPMENT_TEAM = 278BFDM8KA;
				GENERATE_INFOPLIST_FILE = YES;
				IPHONEOS_DEPLOYMENT_TARGET = 15.5;
				MARKETING_VERSION = 1.0;
				PRODUCT_BUNDLE_IDENTIFIER = www.tastenbraille.com.DotsTests;
				PRODUCT_NAME = "$(TARGET_NAME)";
				SWIFT_EMIT_LOC_STRINGS = NO;
				SWIFT_VERSION = 5.0;
				TARGETED_DEVICE_FAMILY = "1,2";
				TEST_HOST = "$(BUILT_PRODUCTS_DIR)/Dots.app/Dots";
			};
			name = Debug;
		};
		47192A342858893D004FD2F3 /* Release */ = {
			isa = XCBuildConfiguration;
			buildSettings = {
				ALWAYS_EMBED_SWIFT_STANDARD_LIBRARIES = YES;
				BUNDLE_LOADER = "$(TEST_HOST)";
				CODE_SIGN_STYLE = Automatic;
				CURRENT_PROJECT_VERSION = 1;
				DEVELOPMENT_TEAM = 278BFDM8KA;
				GENERATE_INFOPLIST_FILE = YES;
				IPHONEOS_DEPLOYMENT_TARGET = 15.5;
				MARKETING_VERSION = 1.0;
				PRODUCT_BUNDLE_IDENTIFIER = www.tastenbraille.com.DotsTests;
				PRODUCT_NAME = "$(TARGET_NAME)";
				SWIFT_EMIT_LOC_STRINGS = NO;
				SWIFT_VERSION = 5.0;
				TARGETED_DEVICE_FAMILY = "1,2";
				TEST_HOST = "$(BUILT_PRODUCTS_DIR)/Dots.app/Dots";
			};
			name = Release;
		};
		47192A362858893D004FD2F3 /* Debug */ = {
			isa = XCBuildConfiguration;
			buildSettings = {
				ALWAYS_EMBED_SWIFT_STANDARD_LIBRARIES = YES;
				CODE_SIGN_STYLE = Automatic;
				CURRENT_PROJECT_VERSION = 1;
				DEVELOPMENT_TEAM = 278BFDM8KA;
				GENERATE_INFOPLIST_FILE = YES;
				MARKETING_VERSION = 1.0;
				PRODUCT_BUNDLE_IDENTIFIER = www.tastenbraille.com.DotsUITests;
				PRODUCT_NAME = "$(TARGET_NAME)";
				SWIFT_EMIT_LOC_STRINGS = NO;
				SWIFT_VERSION = 5.0;
				TARGETED_DEVICE_FAMILY = "1,2";
				TEST_TARGET_NAME = Dots;
			};
			name = Debug;
		};
		47192A372858893D004FD2F3 /* Release */ = {
			isa = XCBuildConfiguration;
			buildSettings = {
				ALWAYS_EMBED_SWIFT_STANDARD_LIBRARIES = YES;
				CODE_SIGN_STYLE = Automatic;
				CURRENT_PROJECT_VERSION = 1;
				DEVELOPMENT_TEAM = 278BFDM8KA;
				GENERATE_INFOPLIST_FILE = YES;
				MARKETING_VERSION = 1.0;
				PRODUCT_BUNDLE_IDENTIFIER = www.tastenbraille.com.DotsUITests;
				PRODUCT_NAME = "$(TARGET_NAME)";
				SWIFT_EMIT_LOC_STRINGS = NO;
				SWIFT_VERSION = 5.0;
				TARGETED_DEVICE_FAMILY = "1,2";
				TEST_TARGET_NAME = Dots;
			};
			name = Release;
		};
/* End XCBuildConfiguration section */

/* Begin XCConfigurationList section */
		47192A062858893C004FD2F3 /* Build configuration list for PBXProject "Dots" */ = {
			isa = XCConfigurationList;
			buildConfigurations = (
				47192A2D2858893D004FD2F3 /* Debug */,
				47192A2E2858893D004FD2F3 /* Release */,
			);
			defaultConfigurationIsVisible = 0;
			defaultConfigurationName = Release;
		};
		47192A2F2858893D004FD2F3 /* Build configuration list for PBXNativeTarget "Dots" */ = {
			isa = XCConfigurationList;
			buildConfigurations = (
				47192A302858893D004FD2F3 /* Debug */,
				47192A312858893D004FD2F3 /* Release */,
			);
			defaultConfigurationIsVisible = 0;
			defaultConfigurationName = Release;
		};
		47192A322858893D004FD2F3 /* Build configuration list for PBXNativeTarget "DotsTests" */ = {
			isa = XCConfigurationList;
			buildConfigurations = (
				47192A332858893D004FD2F3 /* Debug */,
				47192A342858893D004FD2F3 /* Release */,
			);
			defaultConfigurationIsVisible = 0;
			defaultConfigurationName = Release;
		};
		47192A352858893D004FD2F3 /* Build configuration list for PBXNativeTarget "DotsUITests" */ = {
			isa = XCConfigurationList;
			buildConfigurations = (
				47192A362858893D004FD2F3 /* Debug */,
				47192A372858893D004FD2F3 /* Release */,
			);
			defaultConfigurationIsVisible = 0;
			defaultConfigurationName = Release;
		};
/* End XCConfigurationList section */

/* Begin XCRemoteSwiftPackageReference section */
		47DC7BF72858FDDA0095EC8F /* XCRemoteSwiftPackageReference "Subsonic" */ = {
			isa = XCRemoteSwiftPackageReference;
			repositoryURL = "https://github.com/twostraws/Subsonic";
			requirement = {
				kind = upToNextMajorVersion;
				minimumVersion = 0.2.0;
			};
		};
		47EBF806286200F700E8F230 /* XCRemoteSwiftPackageReference "lottie-ios" */ = {
			isa = XCRemoteSwiftPackageReference;
			repositoryURL = "https://github.com/airbnb/lottie-ios";
			requirement = {
				kind = upToNextMajorVersion;
				minimumVersion = 3.0.0;
			};
		};
/* End XCRemoteSwiftPackageReference section */

/* Begin XCSwiftPackageProductDependency section */
		47DC7BF82858FDDA0095EC8F /* Subsonic */ = {
			isa = XCSwiftPackageProductDependency;
			package = 47DC7BF72858FDDA0095EC8F /* XCRemoteSwiftPackageReference "Subsonic" */;
			productName = Subsonic;
		};
		47EBF807286200F700E8F230 /* Lottie */ = {
			isa = XCSwiftPackageProductDependency;
			package = 47EBF806286200F700E8F230 /* XCRemoteSwiftPackageReference "lottie-ios" */;
			productName = Lottie;
		};
/* End XCSwiftPackageProductDependency section */
	};
	rootObject = 47192A032858893C004FD2F3 /* Project object */;
}
