// !$*UTF8*$!
{
	archiveVersion = 1;
	classes = {
	};
	objectVersion = 55;
	objects = {

/* Begin PBXBuildFile section */
		3667B97670EB45DDEB1DB8EE /* Pods_Dots.framework in Frameworks */ = {isa = PBXBuildFile; fileRef = 3BF166E5419BF5D047133BCE /* Pods_Dots.framework */; };
		470917A228E6064F008E598C /* Sono-Regular.ttf in Resources */ = {isa = PBXBuildFile; fileRef = 470917A128E6064F008E598C /* Sono-Regular.ttf */; };
		47192A0F2858893C004FD2F3 /* DotsApp.swift in Sources */ = {isa = PBXBuildFile; fileRef = 47192A0E2858893C004FD2F3 /* DotsApp.swift */; };
		47192A112858893C004FD2F3 /* ContentView.swift in Sources */ = {isa = PBXBuildFile; fileRef = 47192A102858893C004FD2F3 /* ContentView.swift */; };
		47192A132858893D004FD2F3 /* Assets.xcassets in Resources */ = {isa = PBXBuildFile; fileRef = 47192A122858893D004FD2F3 /* Assets.xcassets */; };
		47192A162858893D004FD2F3 /* Preview Assets.xcassets in Resources */ = {isa = PBXBuildFile; fileRef = 47192A152858893D004FD2F3 /* Preview Assets.xcassets */; };
		47192A202858893D004FD2F3 /* DotsTests.swift in Sources */ = {isa = PBXBuildFile; fileRef = 47192A1F2858893D004FD2F3 /* DotsTests.swift */; };
		47192A2A2858893D004FD2F3 /* DotsUITests.swift in Sources */ = {isa = PBXBuildFile; fileRef = 47192A292858893D004FD2F3 /* DotsUITests.swift */; };
		47192A2C2858893D004FD2F3 /* DotsUITestsLaunchTests.swift in Sources */ = {isa = PBXBuildFile; fileRef = 47192A2B2858893D004FD2F3 /* DotsUITestsLaunchTests.swift */; };
		47192A392858BE7D004FD2F3 /* SplashScreenView.swift in Sources */ = {isa = PBXBuildFile; fileRef = 47192A382858BE7D004FD2F3 /* SplashScreenView.swift */; };
		47192A3E2858C057004FD2F3 /* SettingsView.swift in Sources */ = {isa = PBXBuildFile; fileRef = 47192A3D2858C057004FD2F3 /* SettingsView.swift */; };
		47192A402858C065004FD2F3 /* InformationView.swift in Sources */ = {isa = PBXBuildFile; fileRef = 47192A3F2858C065004FD2F3 /* InformationView.swift */; };
		47192A422858C073004FD2F3 /* PlaygroundView.swift in Sources */ = {isa = PBXBuildFile; fileRef = 47192A412858C073004FD2F3 /* PlaygroundView.swift */; };
		47192A442858C07B004FD2F3 /* SearchWordView.swift in Sources */ = {isa = PBXBuildFile; fileRef = 47192A432858C07B004FD2F3 /* SearchWordView.swift */; };
		47192A462858C086004FD2F3 /* AudioView.swift in Sources */ = {isa = PBXBuildFile; fileRef = 47192A452858C086004FD2F3 /* AudioView.swift */; };
		47192A5B2858CB8F004FD2F3 /* bartimeus6dots.ttf in Resources */ = {isa = PBXBuildFile; fileRef = 47192A5A2858CAD6004FD2F3 /* bartimeus6dots.ttf */; };
		472226E228D84628002BF9E0 /* SheetView.swift in Sources */ = {isa = PBXBuildFile; fileRef = 472226E128D84628002BF9E0 /* SheetView.swift */; };
		472B107F29AD25EC00EC685C /* SwiftSpeech in Frameworks */ = {isa = PBXBuildFile; productRef = 472B107E29AD25EC00EC685C /* SwiftSpeech */; };
		472C7C12290F0E0D00DA12E9 /* bartimeusb.json in Resources */ = {isa = PBXBuildFile; fileRef = 472C7C11290F0E0D00DA12E9 /* bartimeusb.json */; };
		472C7C14290F0E5500DA12E9 /* bartimeusbigb.json in Resources */ = {isa = PBXBuildFile; fileRef = 472C7C13290F0E5500DA12E9 /* bartimeusbigb.json */; };
		473DCCAA2891430D00CDFF47 /* spotlight120.png in Resources */ = {isa = PBXBuildFile; fileRef = 473DCC902891430D00CDFF47 /* spotlight120.png */; };
		473DCCAB2891430D00CDFF47 /* ipad76.png in Resources */ = {isa = PBXBuildFile; fileRef = 473DCC912891430D00CDFF47 /* ipad76.png */; };
		473DCCAC2891430D00CDFF47 /* notification40.png in Resources */ = {isa = PBXBuildFile; fileRef = 473DCC922891430D00CDFF47 /* notification40.png */; };
		473DCCAD2891430D00CDFF47 /* settings87.png in Resources */ = {isa = PBXBuildFile; fileRef = 473DCC932891430D00CDFF47 /* settings87.png */; };
		473DCCAE2891430D00CDFF47 /* spotlight80.png in Resources */ = {isa = PBXBuildFile; fileRef = 473DCC942891430D00CDFF47 /* spotlight80.png */; };
		473DCCAF2891430D00CDFF47 /* mac16.png in Resources */ = {isa = PBXBuildFile; fileRef = 473DCC952891430D00CDFF47 /* mac16.png */; };
		473DCCB02891430D00CDFF47 /* mac64.png in Resources */ = {isa = PBXBuildFile; fileRef = 473DCC962891430D00CDFF47 /* mac64.png */; };
		473DCCB12891430D00CDFF47 /* ipadPro167.png in Resources */ = {isa = PBXBuildFile; fileRef = 473DCC972891430D00CDFF47 /* ipadPro167.png */; };
		473DCCB22891430D00CDFF47 /* ipad152.png in Resources */ = {isa = PBXBuildFile; fileRef = 473DCC982891430D00CDFF47 /* ipad152.png */; };
		473DCCB32891430D00CDFF47 /* mac256.png in Resources */ = {isa = PBXBuildFile; fileRef = 473DCC992891430D00CDFF47 /* mac256.png */; };
		473DCCB42891430D00CDFF47 /* ipadSettings29.png in Resources */ = {isa = PBXBuildFile; fileRef = 473DCC9A2891430D00CDFF47 /* ipadSettings29.png */; };
		473DCCB52891430D00CDFF47 /* mac1024.png in Resources */ = {isa = PBXBuildFile; fileRef = 473DCC9B2891430D00CDFF47 /* mac1024.png */; };
		473DCCB62891430D00CDFF47 /* mac128.png in Resources */ = {isa = PBXBuildFile; fileRef = 473DCC9C2891430D00CDFF47 /* mac128.png */; };
		473DCCB72891430D00CDFF47 /* iphone120.png in Resources */ = {isa = PBXBuildFile; fileRef = 473DCC9D2891430D00CDFF47 /* iphone120.png */; };
		473DCCB82891430D00CDFF47 /* Contents.json in Resources */ = {isa = PBXBuildFile; fileRef = 473DCC9E2891430D00CDFF47 /* Contents.json */; };
		473DCCB92891430D00CDFF47 /* ipadNotification20.png in Resources */ = {isa = PBXBuildFile; fileRef = 473DCC9F2891430D00CDFF47 /* ipadNotification20.png */; };
		473DCCBA2891430D00CDFF47 /* mac512.png in Resources */ = {isa = PBXBuildFile; fileRef = 473DCCA02891430D00CDFF47 /* mac512.png */; };
		473DCCBB2891430D00CDFF47 /* ipadSpotlight40.png in Resources */ = {isa = PBXBuildFile; fileRef = 473DCCA12891430D00CDFF47 /* ipadSpotlight40.png */; };
		473DCCBC2891430D00CDFF47 /* mac32.png in Resources */ = {isa = PBXBuildFile; fileRef = 473DCCA22891430D00CDFF47 /* mac32.png */; };
		473DCCBD2891430D00CDFF47 /* notification60.png in Resources */ = {isa = PBXBuildFile; fileRef = 473DCCA32891430D00CDFF47 /* notification60.png */; };
		473DCCBE2891430D00CDFF47 /* ipadSpotlight80.png in Resources */ = {isa = PBXBuildFile; fileRef = 473DCCA42891430D00CDFF47 /* ipadSpotlight80.png */; };
		473DCCBF2891430D00CDFF47 /* settings58.png in Resources */ = {isa = PBXBuildFile; fileRef = 473DCCA52891430D00CDFF47 /* settings58.png */; };
		473DCCC02891430D00CDFF47 /* iphone180.png in Resources */ = {isa = PBXBuildFile; fileRef = 473DCCA62891430D00CDFF47 /* iphone180.png */; };
		473DCCC12891430D00CDFF47 /* appstore1024.png in Resources */ = {isa = PBXBuildFile; fileRef = 473DCCA72891430D00CDFF47 /* appstore1024.png */; };
		473DCCC22891430D00CDFF47 /* ipadSettings58.png in Resources */ = {isa = PBXBuildFile; fileRef = 473DCCA82891430D00CDFF47 /* ipadSettings58.png */; };
		473DCCC32891430D00CDFF47 /* ipadNotification40.png in Resources */ = {isa = PBXBuildFile; fileRef = 473DCCA92891430D00CDFF47 /* ipadNotification40.png */; };
		47403EE429910C68005EFBA7 /* ZipArchive in Frameworks */ = {isa = PBXBuildFile; productRef = 47403EE329910C68005EFBA7 /* ZipArchive */; };
		47403EE729910ED7005EFBA7 /* ProgressIndicatorView in Frameworks */ = {isa = PBXBuildFile; productRef = 47403EE629910ED7005EFBA7 /* ProgressIndicatorView */; };
		474CFEBA287551170000BF85 /* README.md in Resources */ = {isa = PBXBuildFile; fileRef = 474CFEB9287551170000BF85 /* README.md */; };
		4758321A29912309007CB0E3 /* perkinspingdoorvoer.mp3 in Resources */ = {isa = PBXBuildFile; fileRef = 4758321829912308007CB0E3 /* perkinspingdoorvoer.mp3 */; };
		4758321B29912309007CB0E3 /* perkinsping.mp3 in Resources */ = {isa = PBXBuildFile; fileRef = 4758321929912309007CB0E3 /* perkinsping.mp3 */; };
		4765614029ABF13100658927 /* SwiftProgress in Frameworks */ = {isa = PBXBuildFile; productRef = 4765613F29ABF13100658927 /* SwiftProgress */; };
		4766E4CB28B3519A00852495 /* StepperView in Frameworks */ = {isa = PBXBuildFile; productRef = 4766E4CA28B3519A00852495 /* StepperView */; };
		4766E4CD28B351B200852495 /* ProgressView.swift in Sources */ = {isa = PBXBuildFile; fileRef = 4766E4CC28B351B200852495 /* ProgressView.swift */; };
		476A36D128F06CDC00F3909B /* Localizable.strings in Resources */ = {isa = PBXBuildFile; fileRef = 476A36D328F06CDC00F3909B /* Localizable.strings */; };
		4783B12D299CBA5C001A6027 /* DownloadView.swift in Sources */ = {isa = PBXBuildFile; fileRef = 4783B12C299CBA5C001A6027 /* DownloadView.swift */; };
		4783B130299CC103001A6027 /* AudioListView.swift in Sources */ = {isa = PBXBuildFile; fileRef = 4783B12F299CC103001A6027 /* AudioListView.swift */; };
		47A24DB6296B456700BA287B /* ModifiersAndExtension.swift in Sources */ = {isa = PBXBuildFile; fileRef = 47A24DB5296B456700BA287B /* ModifiersAndExtension.swift */; };
		47A24DBB296C13D200BA287B /* LouisViewModel.swift in Sources */ = {isa = PBXBuildFile; fileRef = 47A24DBA296C13D200BA287B /* LouisViewModel.swift */; };
		47ACE3F1292222C100020519 /* bartimeus8dots.ttf in Resources */ = {isa = PBXBuildFile; fileRef = 47ACE3F0292222C100020519 /* bartimeus8dots.ttf */; };
		47B09A26298805250030B9CF /* Alamofire in Frameworks */ = {isa = PBXBuildFile; productRef = 47B09A25298805250030B9CF /* Alamofire */; };
		47EBF7C42860D80D00E8F230 /* Model.swift in Sources */ = {isa = PBXBuildFile; fileRef = 47EBF7C32860D80D00E8F230 /* Model.swift */; };
		47EBF805286200CA00E8F230 /* LottieView.swift in Sources */ = {isa = PBXBuildFile; fileRef = 47EBF804286200CA00E8F230 /* LottieView.swift */; };
		47EBF808286200F700E8F230 /* Lottie in Frameworks */ = {isa = PBXBuildFile; productRef = 47EBF807286200F700E8F230 /* Lottie */; };
		47EBF80C2862031200E8F230 /* dotsloader.json in Resources */ = {isa = PBXBuildFile; fileRef = 47EBF80B2862031200E8F230 /* dotsloader.json */; };
		47F4C02629BA0CB200CA5D25 /* SwiftyBeaver in Frameworks */ = {isa = PBXBuildFile; productRef = 47F4C02529BA0CB200CA5D25 /* SwiftyBeaver */; };
		47F4C06629BC904300CA5D25 /* TestView.swift in Sources */ = {isa = PBXBuildFile; fileRef = 47F4C06529BC904300CA5D25 /* TestView.swift */; };
		47F4C06829BC90BD00CA5D25 /* TextFieldCursorView.swift in Sources */ = {isa = PBXBuildFile; fileRef = 47F4C06729BC90BD00CA5D25 /* TextFieldCursorView.swift */; };
		523B46B23370F87318C315DE /* Pods_Dots_DotsUITests.framework in Frameworks */ = {isa = PBXBuildFile; fileRef = 1C073F15AF76D1A977901310 /* Pods_Dots_DotsUITests.framework */; };
		8A5CDAAF80689AC11621EB44 /* Pods_DotsTests.framework in Frameworks */ = {isa = PBXBuildFile; fileRef = 77AEA6DD3E2AE22C2563E698 /* Pods_DotsTests.framework */; };
/* End PBXBuildFile section */

/* Begin PBXContainerItemProxy section */
		47192A1C2858893D004FD2F3 /* PBXContainerItemProxy */ = {
			isa = PBXContainerItemProxy;
			containerPortal = 47192A032858893C004FD2F3 /* Project object */;
			proxyType = 1;
			remoteGlobalIDString = 47192A0A2858893C004FD2F3;
			remoteInfo = Dots;
		};
		47192A262858893D004FD2F3 /* PBXContainerItemProxy */ = {
			isa = PBXContainerItemProxy;
			containerPortal = 47192A032858893C004FD2F3 /* Project object */;
			proxyType = 1;
			remoteGlobalIDString = 47192A0A2858893C004FD2F3;
			remoteInfo = Dots;
		};
/* End PBXContainerItemProxy section */

/* Begin PBXFileReference section */
		02717942F7724CEA930D166C /* Pods-Dots-DotsUITests.release.xcconfig */ = {isa = PBXFileReference; includeInIndex = 1; lastKnownFileType = text.xcconfig; name = "Pods-Dots-DotsUITests.release.xcconfig"; path = "Target Support Files/Pods-Dots-DotsUITests/Pods-Dots-DotsUITests.release.xcconfig"; sourceTree = "<group>"; };
		1C073F15AF76D1A977901310 /* Pods_Dots_DotsUITests.framework */ = {isa = PBXFileReference; explicitFileType = wrapper.framework; includeInIndex = 0; path = Pods_Dots_DotsUITests.framework; sourceTree = BUILT_PRODUCTS_DIR; };
		2FF2D18518D06B87F3891DBC /* Pods-Dots.release.xcconfig */ = {isa = PBXFileReference; includeInIndex = 1; lastKnownFileType = text.xcconfig; name = "Pods-Dots.release.xcconfig"; path = "Target Support Files/Pods-Dots/Pods-Dots.release.xcconfig"; sourceTree = "<group>"; };
		3BF166E5419BF5D047133BCE /* Pods_Dots.framework */ = {isa = PBXFileReference; explicitFileType = wrapper.framework; includeInIndex = 0; path = Pods_Dots.framework; sourceTree = BUILT_PRODUCTS_DIR; };
		470917A128E6064F008E598C /* Sono-Regular.ttf */ = {isa = PBXFileReference; lastKnownFileType = file; name = "Sono-Regular.ttf"; path = "Dots/Resources/Sono-Regular.ttf"; sourceTree = SOURCE_ROOT; };
		47192A0B2858893C004FD2F3 /* Dots.app */ = {isa = PBXFileReference; explicitFileType = wrapper.application; includeInIndex = 0; path = Dots.app; sourceTree = BUILT_PRODUCTS_DIR; };
		47192A0E2858893C004FD2F3 /* DotsApp.swift */ = {isa = PBXFileReference; lastKnownFileType = sourcecode.swift; path = DotsApp.swift; sourceTree = "<group>"; };
		47192A102858893C004FD2F3 /* ContentView.swift */ = {isa = PBXFileReference; lastKnownFileType = sourcecode.swift; path = ContentView.swift; sourceTree = "<group>"; };
		47192A122858893D004FD2F3 /* Assets.xcassets */ = {isa = PBXFileReference; lastKnownFileType = folder.assetcatalog; path = Assets.xcassets; sourceTree = "<group>"; };
		47192A152858893D004FD2F3 /* Preview Assets.xcassets */ = {isa = PBXFileReference; lastKnownFileType = folder.assetcatalog; path = "Preview Assets.xcassets"; sourceTree = "<group>"; };
		47192A1B2858893D004FD2F3 /* DotsTests.xctest */ = {isa = PBXFileReference; explicitFileType = wrapper.cfbundle; includeInIndex = 0; path = DotsTests.xctest; sourceTree = BUILT_PRODUCTS_DIR; };
		47192A1F2858893D004FD2F3 /* DotsTests.swift */ = {isa = PBXFileReference; lastKnownFileType = sourcecode.swift; path = DotsTests.swift; sourceTree = "<group>"; };
		47192A252858893D004FD2F3 /* DotsUITests.xctest */ = {isa = PBXFileReference; explicitFileType = wrapper.cfbundle; includeInIndex = 0; path = DotsUITests.xctest; sourceTree = BUILT_PRODUCTS_DIR; };
		47192A292858893D004FD2F3 /* DotsUITests.swift */ = {isa = PBXFileReference; lastKnownFileType = sourcecode.swift; path = DotsUITests.swift; sourceTree = "<group>"; };
		47192A2B2858893D004FD2F3 /* DotsUITestsLaunchTests.swift */ = {isa = PBXFileReference; lastKnownFileType = sourcecode.swift; path = DotsUITestsLaunchTests.swift; sourceTree = "<group>"; };
		47192A382858BE7D004FD2F3 /* SplashScreenView.swift */ = {isa = PBXFileReference; fileEncoding = 4; lastKnownFileType = sourcecode.swift; path = SplashScreenView.swift; sourceTree = "<group>"; };
		47192A3C2858BFA4004FD2F3 /* Info.plist */ = {isa = PBXFileReference; lastKnownFileType = text.plist; path = Info.plist; sourceTree = "<group>"; };
		47192A3D2858C057004FD2F3 /* SettingsView.swift */ = {isa = PBXFileReference; fileEncoding = 4; lastKnownFileType = sourcecode.swift; path = SettingsView.swift; sourceTree = "<group>"; };
		47192A3F2858C065004FD2F3 /* InformationView.swift */ = {isa = PBXFileReference; fileEncoding = 4; lastKnownFileType = sourcecode.swift; path = InformationView.swift; sourceTree = "<group>"; };
		47192A412858C073004FD2F3 /* PlaygroundView.swift */ = {isa = PBXFileReference; fileEncoding = 4; lastKnownFileType = sourcecode.swift; path = PlaygroundView.swift; sourceTree = "<group>"; };
		47192A432858C07B004FD2F3 /* SearchWordView.swift */ = {isa = PBXFileReference; fileEncoding = 4; lastKnownFileType = sourcecode.swift; path = SearchWordView.swift; sourceTree = "<group>"; };
		47192A452858C086004FD2F3 /* AudioView.swift */ = {isa = PBXFileReference; fileEncoding = 4; lastKnownFileType = sourcecode.swift; path = AudioView.swift; sourceTree = "<group>"; };
		47192A5A2858CAD6004FD2F3 /* bartimeus6dots.ttf */ = {isa = PBXFileReference; lastKnownFileType = file; path = bartimeus6dots.ttf; sourceTree = "<group>"; };
		472226E128D84628002BF9E0 /* SheetView.swift */ = {isa = PBXFileReference; lastKnownFileType = sourcecode.swift; path = SheetView.swift; sourceTree = "<group>"; };
		472C7C11290F0E0D00DA12E9 /* bartimeusb.json */ = {isa = PBXFileReference; fileEncoding = 4; lastKnownFileType = text.json; path = bartimeusb.json; sourceTree = "<group>"; };
		472C7C13290F0E5500DA12E9 /* bartimeusbigb.json */ = {isa = PBXFileReference; fileEncoding = 4; lastKnownFileType = text.json; path = bartimeusbigb.json; sourceTree = "<group>"; };
		473DCC902891430D00CDFF47 /* spotlight120.png */ = {isa = PBXFileReference; lastKnownFileType = image.png; path = spotlight120.png; sourceTree = "<group>"; };
		473DCC912891430D00CDFF47 /* ipad76.png */ = {isa = PBXFileReference; lastKnownFileType = image.png; path = ipad76.png; sourceTree = "<group>"; };
		473DCC922891430D00CDFF47 /* notification40.png */ = {isa = PBXFileReference; lastKnownFileType = image.png; path = notification40.png; sourceTree = "<group>"; };
		473DCC932891430D00CDFF47 /* settings87.png */ = {isa = PBXFileReference; lastKnownFileType = image.png; path = settings87.png; sourceTree = "<group>"; };
		473DCC942891430D00CDFF47 /* spotlight80.png */ = {isa = PBXFileReference; lastKnownFileType = image.png; path = spotlight80.png; sourceTree = "<group>"; };
		473DCC952891430D00CDFF47 /* mac16.png */ = {isa = PBXFileReference; lastKnownFileType = image.png; path = mac16.png; sourceTree = "<group>"; };
		473DCC962891430D00CDFF47 /* mac64.png */ = {isa = PBXFileReference; lastKnownFileType = image.png; path = mac64.png; sourceTree = "<group>"; };
		473DCC972891430D00CDFF47 /* ipadPro167.png */ = {isa = PBXFileReference; lastKnownFileType = image.png; path = ipadPro167.png; sourceTree = "<group>"; };
		473DCC982891430D00CDFF47 /* ipad152.png */ = {isa = PBXFileReference; lastKnownFileType = image.png; path = ipad152.png; sourceTree = "<group>"; };
		473DCC992891430D00CDFF47 /* mac256.png */ = {isa = PBXFileReference; lastKnownFileType = image.png; path = mac256.png; sourceTree = "<group>"; };
		473DCC9A2891430D00CDFF47 /* ipadSettings29.png */ = {isa = PBXFileReference; lastKnownFileType = image.png; path = ipadSettings29.png; sourceTree = "<group>"; };
		473DCC9B2891430D00CDFF47 /* mac1024.png */ = {isa = PBXFileReference; lastKnownFileType = image.png; path = mac1024.png; sourceTree = "<group>"; };
		473DCC9C2891430D00CDFF47 /* mac128.png */ = {isa = PBXFileReference; lastKnownFileType = image.png; path = mac128.png; sourceTree = "<group>"; };
		473DCC9D2891430D00CDFF47 /* iphone120.png */ = {isa = PBXFileReference; lastKnownFileType = image.png; path = iphone120.png; sourceTree = "<group>"; };
		473DCC9E2891430D00CDFF47 /* Contents.json */ = {isa = PBXFileReference; fileEncoding = 4; lastKnownFileType = text.json; path = Contents.json; sourceTree = "<group>"; };
		473DCC9F2891430D00CDFF47 /* ipadNotification20.png */ = {isa = PBXFileReference; lastKnownFileType = image.png; path = ipadNotification20.png; sourceTree = "<group>"; };
		473DCCA02891430D00CDFF47 /* mac512.png */ = {isa = PBXFileReference; lastKnownFileType = image.png; path = mac512.png; sourceTree = "<group>"; };
		473DCCA12891430D00CDFF47 /* ipadSpotlight40.png */ = {isa = PBXFileReference; lastKnownFileType = image.png; path = ipadSpotlight40.png; sourceTree = "<group>"; };
		473DCCA22891430D00CDFF47 /* mac32.png */ = {isa = PBXFileReference; lastKnownFileType = image.png; path = mac32.png; sourceTree = "<group>"; };
		473DCCA32891430D00CDFF47 /* notification60.png */ = {isa = PBXFileReference; lastKnownFileType = image.png; path = notification60.png; sourceTree = "<group>"; };
		473DCCA42891430D00CDFF47 /* ipadSpotlight80.png */ = {isa = PBXFileReference; lastKnownFileType = image.png; path = ipadSpotlight80.png; sourceTree = "<group>"; };
		473DCCA52891430D00CDFF47 /* settings58.png */ = {isa = PBXFileReference; lastKnownFileType = image.png; path = settings58.png; sourceTree = "<group>"; };
		473DCCA62891430D00CDFF47 /* iphone180.png */ = {isa = PBXFileReference; lastKnownFileType = image.png; path = iphone180.png; sourceTree = "<group>"; };
		473DCCA72891430D00CDFF47 /* appstore1024.png */ = {isa = PBXFileReference; lastKnownFileType = image.png; path = appstore1024.png; sourceTree = "<group>"; };
		473DCCA82891430D00CDFF47 /* ipadSettings58.png */ = {isa = PBXFileReference; lastKnownFileType = image.png; path = ipadSettings58.png; sourceTree = "<group>"; };
		473DCCA92891430D00CDFF47 /* ipadNotification40.png */ = {isa = PBXFileReference; lastKnownFileType = image.png; path = ipadNotification40.png; sourceTree = "<group>"; };
		474CFEB9287551170000BF85 /* README.md */ = {isa = PBXFileReference; fileEncoding = 4; lastKnownFileType = net.daringfireball.markdown; path = README.md; sourceTree = SOURCE_ROOT; };
		4758321829912308007CB0E3 /* perkinspingdoorvoer.mp3 */ = {isa = PBXFileReference; lastKnownFileType = audio.mp3; path = perkinspingdoorvoer.mp3; sourceTree = "<group>"; };
		4758321929912309007CB0E3 /* perkinsping.mp3 */ = {isa = PBXFileReference; lastKnownFileType = audio.mp3; path = perkinsping.mp3; sourceTree = "<group>"; };
		4766E4CC28B351B200852495 /* ProgressView.swift */ = {isa = PBXFileReference; lastKnownFileType = sourcecode.swift; path = ProgressView.swift; sourceTree = "<group>"; };
		476A36D228F06CDC00F3909B /* en */ = {isa = PBXFileReference; lastKnownFileType = text.plist.strings; name = en; path = en.lproj/Localizable.strings; sourceTree = "<group>"; };
		476A36D428F06CDE00F3909B /* nl */ = {isa = PBXFileReference; lastKnownFileType = text.plist.strings; name = nl; path = nl.lproj/Localizable.strings; sourceTree = "<group>"; };
		476A36D728F076D500F3909B /* de */ = {isa = PBXFileReference; lastKnownFileType = text.plist.strings; name = de; path = de.lproj/Localizable.strings; sourceTree = "<group>"; };
		4783B12C299CBA5C001A6027 /* DownloadView.swift */ = {isa = PBXFileReference; lastKnownFileType = sourcecode.swift; path = DownloadView.swift; sourceTree = "<group>"; };
		4783B12F299CC103001A6027 /* AudioListView.swift */ = {isa = PBXFileReference; lastKnownFileType = sourcecode.swift; path = AudioListView.swift; sourceTree = "<group>"; };
		47A24DB5296B456700BA287B /* ModifiersAndExtension.swift */ = {isa = PBXFileReference; lastKnownFileType = sourcecode.swift; path = ModifiersAndExtension.swift; sourceTree = "<group>"; };
		47A24DBA296C13D200BA287B /* LouisViewModel.swift */ = {isa = PBXFileReference; lastKnownFileType = sourcecode.swift; path = LouisViewModel.swift; sourceTree = "<group>"; };
		47ACE3F0292222C100020519 /* bartimeus8dots.ttf */ = {isa = PBXFileReference; lastKnownFileType = file; path = bartimeus8dots.ttf; sourceTree = "<group>"; };
		47EBF7C32860D80D00E8F230 /* Model.swift */ = {isa = PBXFileReference; lastKnownFileType = sourcecode.swift; path = Model.swift; sourceTree = "<group>"; };
		47EBF804286200CA00E8F230 /* LottieView.swift */ = {isa = PBXFileReference; lastKnownFileType = sourcecode.swift; path = LottieView.swift; sourceTree = "<group>"; };
		47EBF80B2862031200E8F230 /* dotsloader.json */ = {isa = PBXFileReference; fileEncoding = 4; lastKnownFileType = text.json; path = dotsloader.json; sourceTree = "<group>"; };
		47F4C06529BC904300CA5D25 /* TestView.swift */ = {isa = PBXFileReference; fileEncoding = 4; lastKnownFileType = sourcecode.swift; path = TestView.swift; sourceTree = "<group>"; };
		47F4C06729BC90BD00CA5D25 /* TextFieldCursorView.swift */ = {isa = PBXFileReference; lastKnownFileType = sourcecode.swift; path = TextFieldCursorView.swift; sourceTree = "<group>"; };
		6A0F2F6A7B27A14325C27112 /* Pods-Dots.debug.xcconfig */ = {isa = PBXFileReference; includeInIndex = 1; lastKnownFileType = text.xcconfig; name = "Pods-Dots.debug.xcconfig"; path = "Target Support Files/Pods-Dots/Pods-Dots.debug.xcconfig"; sourceTree = "<group>"; };
		77AEA6DD3E2AE22C2563E698 /* Pods_DotsTests.framework */ = {isa = PBXFileReference; explicitFileType = wrapper.framework; includeInIndex = 0; path = Pods_DotsTests.framework; sourceTree = BUILT_PRODUCTS_DIR; };
		89E9E618F8BB6F7D758CFECA /* Pods-Dots-DotsUITests.debug.xcconfig */ = {isa = PBXFileReference; includeInIndex = 1; lastKnownFileType = text.xcconfig; name = "Pods-Dots-DotsUITests.debug.xcconfig"; path = "Target Support Files/Pods-Dots-DotsUITests/Pods-Dots-DotsUITests.debug.xcconfig"; sourceTree = "<group>"; };
		D6F41CDD3703775CA3249698 /* Pods-DotsTests.release.xcconfig */ = {isa = PBXFileReference; includeInIndex = 1; lastKnownFileType = text.xcconfig; name = "Pods-DotsTests.release.xcconfig"; path = "Target Support Files/Pods-DotsTests/Pods-DotsTests.release.xcconfig"; sourceTree = "<group>"; };
		E450D1EF9817A1AC1CB78347 /* Pods-DotsTests.debug.xcconfig */ = {isa = PBXFileReference; includeInIndex = 1; lastKnownFileType = text.xcconfig; name = "Pods-DotsTests.debug.xcconfig"; path = "Target Support Files/Pods-DotsTests/Pods-DotsTests.debug.xcconfig"; sourceTree = "<group>"; };
/* End PBXFileReference section */

/* Begin PBXFrameworksBuildPhase section */
		47192A082858893C004FD2F3 /* Frameworks */ = {
			isa = PBXFrameworksBuildPhase;
			buildActionMask = 2147483647;
			files = (
				472B107F29AD25EC00EC685C /* SwiftSpeech in Frameworks */,
				47B09A26298805250030B9CF /* Alamofire in Frameworks */,
				4766E4CB28B3519A00852495 /* StepperView in Frameworks */,
				47403EE729910ED7005EFBA7 /* ProgressIndicatorView in Frameworks */,
				47EBF808286200F700E8F230 /* Lottie in Frameworks */,
				3667B97670EB45DDEB1DB8EE /* Pods_Dots.framework in Frameworks */,
				4765614029ABF13100658927 /* SwiftProgress in Frameworks */,
				47403EE429910C68005EFBA7 /* ZipArchive in Frameworks */,
				47F4C02629BA0CB200CA5D25 /* SwiftyBeaver in Frameworks */,
			);
			runOnlyForDeploymentPostprocessing = 0;
		};
		47192A182858893D004FD2F3 /* Frameworks */ = {
			isa = PBXFrameworksBuildPhase;
			buildActionMask = 2147483647;
			files = (
				8A5CDAAF80689AC11621EB44 /* Pods_DotsTests.framework in Frameworks */,
			);
			runOnlyForDeploymentPostprocessing = 0;
		};
		47192A222858893D004FD2F3 /* Frameworks */ = {
			isa = PBXFrameworksBuildPhase;
			buildActionMask = 2147483647;
			files = (
				523B46B23370F87318C315DE /* Pods_Dots_DotsUITests.framework in Frameworks */,
			);
			runOnlyForDeploymentPostprocessing = 0;
		};
/* End PBXFrameworksBuildPhase section */

/* Begin PBXGroup section */
		387A210133D1818AC87562A5 /* Pods */ = {
			isa = PBXGroup;
			children = (
				6A0F2F6A7B27A14325C27112 /* Pods-Dots.debug.xcconfig */,
				2FF2D18518D06B87F3891DBC /* Pods-Dots.release.xcconfig */,
				89E9E618F8BB6F7D758CFECA /* Pods-Dots-DotsUITests.debug.xcconfig */,
				02717942F7724CEA930D166C /* Pods-Dots-DotsUITests.release.xcconfig */,
				E450D1EF9817A1AC1CB78347 /* Pods-DotsTests.debug.xcconfig */,
				D6F41CDD3703775CA3249698 /* Pods-DotsTests.release.xcconfig */,
			);
			path = Pods;
			sourceTree = "<group>";
		};
		47192A022858893C004FD2F3 = {
			isa = PBXGroup;
			children = (
				476A36D328F06CDC00F3909B /* Localizable.strings */,
				47192A0E2858893C004FD2F3 /* DotsApp.swift */,
				47192A0D2858893C004FD2F3 /* Dots */,
				47192A1E2858893D004FD2F3 /* DotsTests */,
				47192A282858893D004FD2F3 /* DotsUITests */,
				47192A0C2858893C004FD2F3 /* Products */,
				387A210133D1818AC87562A5 /* Pods */,
				729E007B6A5F72EA0F37295E /* Frameworks */,
			);
			sourceTree = "<group>";
			usesTabs = 0;
		};
		47192A0C2858893C004FD2F3 /* Products */ = {
			isa = PBXGroup;
			children = (
				47192A0B2858893C004FD2F3 /* Dots.app */,
				47192A1B2858893D004FD2F3 /* DotsTests.xctest */,
				47192A252858893D004FD2F3 /* DotsUITests.xctest */,
			);
			name = Products;
			sourceTree = "<group>";
		};
		47192A0D2858893C004FD2F3 /* Dots */ = {
			isa = PBXGroup;
			children = (
				47F4C06429BC902C00CA5D25 /* TestViews */,
				47583217299122F1007CB0E3 /* Audio */,
				472226DE28D83708002BF9E0 /* FinishedViews */,
				472226DD28D836D3002BF9E0 /* NotUsedNow */,
				474CFEBB2875B49A0000BF85 /* Views */,
				4766E4D528B3B88D00852495 /* Model */,
				47192A3C2858BFA4004FD2F3 /* Info.plist */,
				47192A122858893D004FD2F3 /* Assets.xcassets */,
				473DCC8F2891430D00CDFF47 /* AppIcon.appiconset */,
				47192A572858CAD6004FD2F3 /* Resources */,
				47192A142858893D004FD2F3 /* Preview Content */,
			);
			path = Dots;
			sourceTree = "<group>";
		};
		47192A142858893D004FD2F3 /* Preview Content */ = {
			isa = PBXGroup;
			children = (
				47192A152858893D004FD2F3 /* Preview Assets.xcassets */,
			);
			path = "Preview Content";
			sourceTree = "<group>";
		};
		47192A1E2858893D004FD2F3 /* DotsTests */ = {
			isa = PBXGroup;
			children = (
				47192A1F2858893D004FD2F3 /* DotsTests.swift */,
			);
			path = DotsTests;
			sourceTree = "<group>";
		};
		47192A282858893D004FD2F3 /* DotsUITests */ = {
			isa = PBXGroup;
			children = (
				47192A292858893D004FD2F3 /* DotsUITests.swift */,
				47192A2B2858893D004FD2F3 /* DotsUITestsLaunchTests.swift */,
			);
			path = DotsUITests;
			sourceTree = "<group>";
		};
		47192A572858CAD6004FD2F3 /* Resources */ = {
			isa = PBXGroup;
			children = (
				47ACE3F0292222C100020519 /* bartimeus8dots.ttf */,
				472C7C13290F0E5500DA12E9 /* bartimeusbigb.json */,
				472C7C11290F0E0D00DA12E9 /* bartimeusb.json */,
				470917A128E6064F008E598C /* Sono-Regular.ttf */,
				474CFEB9287551170000BF85 /* README.md */,
				47192A5A2858CAD6004FD2F3 /* bartimeus6dots.ttf */,
				47EBF80B2862031200E8F230 /* dotsloader.json */,
			);
			path = Resources;
			sourceTree = "<group>";
		};
		472226DD28D836D3002BF9E0 /* NotUsedNow */ = {
			isa = PBXGroup;
			children = (
				4766E4CC28B351B200852495 /* ProgressView.swift */,
				47192A452858C086004FD2F3 /* AudioView.swift */,
				47192A432858C07B004FD2F3 /* SearchWordView.swift */,
			);
			path = NotUsedNow;
			sourceTree = "<group>";
		};
		472226DE28D83708002BF9E0 /* FinishedViews */ = {
			isa = PBXGroup;
			children = (
				47EBF804286200CA00E8F230 /* LottieView.swift */,
			);
			path = FinishedViews;
			sourceTree = "<group>";
		};
		473DCC8F2891430D00CDFF47 /* AppIcon.appiconset */ = {
			isa = PBXGroup;
			children = (
				473DCC902891430D00CDFF47 /* spotlight120.png */,
				473DCC912891430D00CDFF47 /* ipad76.png */,
				473DCC922891430D00CDFF47 /* notification40.png */,
				473DCC932891430D00CDFF47 /* settings87.png */,
				473DCC942891430D00CDFF47 /* spotlight80.png */,
				473DCC952891430D00CDFF47 /* mac16.png */,
				473DCC962891430D00CDFF47 /* mac64.png */,
				473DCC972891430D00CDFF47 /* ipadPro167.png */,
				473DCC982891430D00CDFF47 /* ipad152.png */,
				473DCC992891430D00CDFF47 /* mac256.png */,
				473DCC9A2891430D00CDFF47 /* ipadSettings29.png */,
				473DCC9B2891430D00CDFF47 /* mac1024.png */,
				473DCC9C2891430D00CDFF47 /* mac128.png */,
				473DCC9D2891430D00CDFF47 /* iphone120.png */,
				473DCC9E2891430D00CDFF47 /* Contents.json */,
				473DCC9F2891430D00CDFF47 /* ipadNotification20.png */,
				473DCCA02891430D00CDFF47 /* mac512.png */,
				473DCCA12891430D00CDFF47 /* ipadSpotlight40.png */,
				473DCCA22891430D00CDFF47 /* mac32.png */,
				473DCCA32891430D00CDFF47 /* notification60.png */,
				473DCCA42891430D00CDFF47 /* ipadSpotlight80.png */,
				473DCCA52891430D00CDFF47 /* settings58.png */,
				473DCCA62891430D00CDFF47 /* iphone180.png */,
				473DCCA72891430D00CDFF47 /* appstore1024.png */,
				473DCCA82891430D00CDFF47 /* ipadSettings58.png */,
				473DCCA92891430D00CDFF47 /* ipadNotification40.png */,
			);
			path = AppIcon.appiconset;
			sourceTree = "<group>";
		};
		474CFEBB2875B49A0000BF85 /* Views */ = {
			isa = PBXGroup;
			children = (
				4783B12C299CBA5C001A6027 /* DownloadView.swift */,
				47192A412858C073004FD2F3 /* PlaygroundView.swift */,
				47A24DBA296C13D200BA287B /* LouisViewModel.swift */,
				47192A382858BE7D004FD2F3 /* SplashScreenView.swift */,
				47192A3F2858C065004FD2F3 /* InformationView.swift */,
				47192A102858893C004FD2F3 /* ContentView.swift */,
				47192A3D2858C057004FD2F3 /* SettingsView.swift */,
				472226E128D84628002BF9E0 /* SheetView.swift */,
				47A24DB5296B456700BA287B /* ModifiersAndExtension.swift */,
			);
			path = Views;
			sourceTree = "<group>";
		};
		47583217299122F1007CB0E3 /* Audio */ = {
			isa = PBXGroup;
			children = (
				4758321929912309007CB0E3 /* perkinsping.mp3 */,
				4758321829912308007CB0E3 /* perkinspingdoorvoer.mp3 */,
			);
			path = Audio;
			sourceTree = "<group>";
		};
		4766E4D528B3B88D00852495 /* Model */ = {
			isa = PBXGroup;
			children = (
				47EBF7C32860D80D00E8F230 /* Model.swift */,
			);
			path = Model;
			sourceTree = "<group>";
		};
		47F4C06429BC902C00CA5D25 /* TestViews */ = {
			isa = PBXGroup;
			children = (
				4783B12F299CC103001A6027 /* AudioListView.swift */,
				47F4C06529BC904300CA5D25 /* TestView.swift */,
				47F4C06729BC90BD00CA5D25 /* TextFieldCursorView.swift */,
			);
			path = TestViews;
			sourceTree = "<group>";
		};
		729E007B6A5F72EA0F37295E /* Frameworks */ = {
			isa = PBXGroup;
			children = (
				3BF166E5419BF5D047133BCE /* Pods_Dots.framework */,
				1C073F15AF76D1A977901310 /* Pods_Dots_DotsUITests.framework */,
				77AEA6DD3E2AE22C2563E698 /* Pods_DotsTests.framework */,
			);
			name = Frameworks;
			sourceTree = "<group>";
		};
/* End PBXGroup section */

/* Begin PBXNativeTarget section */
		47192A0A2858893C004FD2F3 /* Dots */ = {
			isa = PBXNativeTarget;
			buildConfigurationList = 47192A2F2858893D004FD2F3 /* Build configuration list for PBXNativeTarget "Dots" */;
			buildPhases = (
				DE6DB1D2E9F7B2EB3626F3FA /* [CP] Check Pods Manifest.lock */,
				47192A072858893C004FD2F3 /* Sources */,
				47192A082858893C004FD2F3 /* Frameworks */,
				47192A092858893C004FD2F3 /* Resources */,
				42D5A32E2526E2BB8B5B2FFF /* [CP] Embed Pods Frameworks */,
			);
			buildRules = (
			);
			dependencies = (
			);
			name = Dots;
			packageProductDependencies = (
				47EBF807286200F700E8F230 /* Lottie */,
				4766E4CA28B3519A00852495 /* StepperView */,
				47B09A25298805250030B9CF /* Alamofire */,
				47403EE329910C68005EFBA7 /* ZipArchive */,
				47403EE629910ED7005EFBA7 /* ProgressIndicatorView */,
				4765613F29ABF13100658927 /* SwiftProgress */,
				472B107E29AD25EC00EC685C /* SwiftSpeech */,
				47F4C02529BA0CB200CA5D25 /* SwiftyBeaver */,
			);
			productName = Dots;
			productReference = 47192A0B2858893C004FD2F3 /* Dots.app */;
			productType = "com.apple.product-type.application";
		};
		47192A1A2858893D004FD2F3 /* DotsTests */ = {
			isa = PBXNativeTarget;
			buildConfigurationList = 47192A322858893D004FD2F3 /* Build configuration list for PBXNativeTarget "DotsTests" */;
			buildPhases = (
				8F5B55727AB7199C013D37D6 /* [CP] Check Pods Manifest.lock */,
				47192A172858893D004FD2F3 /* Sources */,
				47192A182858893D004FD2F3 /* Frameworks */,
				47192A192858893D004FD2F3 /* Resources */,
			);
			buildRules = (
			);
			dependencies = (
				47192A1D2858893D004FD2F3 /* PBXTargetDependency */,
			);
			name = DotsTests;
			productName = DotsTests;
			productReference = 47192A1B2858893D004FD2F3 /* DotsTests.xctest */;
			productType = "com.apple.product-type.bundle.unit-test";
		};
		47192A242858893D004FD2F3 /* DotsUITests */ = {
			isa = PBXNativeTarget;
			buildConfigurationList = 47192A352858893D004FD2F3 /* Build configuration list for PBXNativeTarget "DotsUITests" */;
			buildPhases = (
				A57E29C78A4835A962067D95 /* [CP] Check Pods Manifest.lock */,
				47192A212858893D004FD2F3 /* Sources */,
				47192A222858893D004FD2F3 /* Frameworks */,
				47192A232858893D004FD2F3 /* Resources */,
				8D08E6E9E8008B15BE065E46 /* [CP] Embed Pods Frameworks */,
			);
			buildRules = (
			);
			dependencies = (
				47192A272858893D004FD2F3 /* PBXTargetDependency */,
			);
			name = DotsUITests;
			productName = DotsUITests;
			productReference = 47192A252858893D004FD2F3 /* DotsUITests.xctest */;
			productType = "com.apple.product-type.bundle.ui-testing";
		};
/* End PBXNativeTarget section */

/* Begin PBXProject section */
		47192A032858893C004FD2F3 /* Project object */ = {
			isa = PBXProject;
			attributes = {
				BuildIndependentTargetsInParallel = 1;
				LastSwiftUpdateCheck = 1340;
				LastUpgradeCheck = 1410;
				TargetAttributes = {
					47192A0A2858893C004FD2F3 = {
						CreatedOnToolsVersion = 13.4.1;
					};
					47192A1A2858893D004FD2F3 = {
						CreatedOnToolsVersion = 13.4.1;
						TestTargetID = 47192A0A2858893C004FD2F3;
					};
					47192A242858893D004FD2F3 = {
						CreatedOnToolsVersion = 13.4.1;
						TestTargetID = 47192A0A2858893C004FD2F3;
					};
				};
			};
			buildConfigurationList = 47192A062858893C004FD2F3 /* Build configuration list for PBXProject "Dots" */;
			compatibilityVersion = "Xcode 13.0";
			developmentRegion = en;
			hasScannedForEncodings = 0;
			knownRegions = (
				en,
				Base,
				nl,
				de,
			);
			mainGroup = 47192A022858893C004FD2F3;
			packageReferences = (
				47EBF806286200F700E8F230 /* XCRemoteSwiftPackageReference "lottie-ios" */,
				4766E4C928B3519A00852495 /* XCRemoteSwiftPackageReference "StepperView" */,
				47B09A24298805250030B9CF /* XCRemoteSwiftPackageReference "Alamofire" */,
				47403EE229910C68005EFBA7 /* XCRemoteSwiftPackageReference "ZipArchive" */,
				47403EE529910ED7005EFBA7 /* XCRemoteSwiftPackageReference "ProgressIndicatorView" */,
				4765613E29ABF13100658927 /* XCRemoteSwiftPackageReference "SwiftProgress" */,
				472B107D29AD25EC00EC685C /* XCRemoteSwiftPackageReference "SwiftSpeech" */,
				47F4C02429BA0CB200CA5D25 /* XCRemoteSwiftPackageReference "SwiftyBeaver" */,
			);
			productRefGroup = 47192A0C2858893C004FD2F3 /* Products */;
			projectDirPath = "";
			projectRoot = "";
			targets = (
				47192A0A2858893C004FD2F3 /* Dots */,
				47192A1A2858893D004FD2F3 /* DotsTests */,
				47192A242858893D004FD2F3 /* DotsUITests */,
			);
		};
/* End PBXProject section */

/* Begin PBXResourcesBuildPhase section */
		47192A092858893C004FD2F3 /* Resources */ = {
			isa = PBXResourcesBuildPhase;
			buildActionMask = 2147483647;
			files = (
				476A36D128F06CDC00F3909B /* Localizable.strings in Resources */,
				473DCCBA2891430D00CDFF47 /* mac512.png in Resources */,
				473DCCB02891430D00CDFF47 /* mac64.png in Resources */,
				473DCCAB2891430D00CDFF47 /* ipad76.png in Resources */,
				473DCCC22891430D00CDFF47 /* ipadSettings58.png in Resources */,
				473DCCB32891430D00CDFF47 /* mac256.png in Resources */,
				473DCCAC2891430D00CDFF47 /* notification40.png in Resources */,
				473DCCBC2891430D00CDFF47 /* mac32.png in Resources */,
				47ACE3F1292222C100020519 /* bartimeus8dots.ttf in Resources */,
				470917A228E6064F008E598C /* Sono-Regular.ttf in Resources */,
				473DCCBF2891430D00CDFF47 /* settings58.png in Resources */,
				473DCCC12891430D00CDFF47 /* appstore1024.png in Resources */,
				473DCCBE2891430D00CDFF47 /* ipadSpotlight80.png in Resources */,
				473DCCB72891430D00CDFF47 /* iphone120.png in Resources */,
				473DCCC02891430D00CDFF47 /* iphone180.png in Resources */,
				47192A162858893D004FD2F3 /* Preview Assets.xcassets in Resources */,
				473DCCAA2891430D00CDFF47 /* spotlight120.png in Resources */,
				473DCCAF2891430D00CDFF47 /* mac16.png in Resources */,
				473DCCBB2891430D00CDFF47 /* ipadSpotlight40.png in Resources */,
				473DCCB22891430D00CDFF47 /* ipad152.png in Resources */,
				473DCCBD2891430D00CDFF47 /* notification60.png in Resources */,
				4758321A29912309007CB0E3 /* perkinspingdoorvoer.mp3 in Resources */,
				47EBF80C2862031200E8F230 /* dotsloader.json in Resources */,
				473DCCB12891430D00CDFF47 /* ipadPro167.png in Resources */,
				47192A5B2858CB8F004FD2F3 /* bartimeus6dots.ttf in Resources */,
				473DCCB42891430D00CDFF47 /* ipadSettings29.png in Resources */,
				474CFEBA287551170000BF85 /* README.md in Resources */,
				473DCCB92891430D00CDFF47 /* ipadNotification20.png in Resources */,
				472C7C12290F0E0D00DA12E9 /* bartimeusb.json in Resources */,
				473DCCB52891430D00CDFF47 /* mac1024.png in Resources */,
				473DCCAE2891430D00CDFF47 /* spotlight80.png in Resources */,
				4758321B29912309007CB0E3 /* perkinsping.mp3 in Resources */,
				47192A132858893D004FD2F3 /* Assets.xcassets in Resources */,
				473DCCB82891430D00CDFF47 /* Contents.json in Resources */,
				473DCCB62891430D00CDFF47 /* mac128.png in Resources */,
				472C7C14290F0E5500DA12E9 /* bartimeusbigb.json in Resources */,
				473DCCC32891430D00CDFF47 /* ipadNotification40.png in Resources */,
				473DCCAD2891430D00CDFF47 /* settings87.png in Resources */,
			);
			runOnlyForDeploymentPostprocessing = 0;
		};
		47192A192858893D004FD2F3 /* Resources */ = {
			isa = PBXResourcesBuildPhase;
			buildActionMask = 2147483647;
			files = (
			);
			runOnlyForDeploymentPostprocessing = 0;
		};
		47192A232858893D004FD2F3 /* Resources */ = {
			isa = PBXResourcesBuildPhase;
			buildActionMask = 2147483647;
			files = (
			);
			runOnlyForDeploymentPostprocessing = 0;
		};
/* End PBXResourcesBuildPhase section */

/* Begin PBXShellScriptBuildPhase section */
		42D5A32E2526E2BB8B5B2FFF /* [CP] Embed Pods Frameworks */ = {
			isa = PBXShellScriptBuildPhase;
			buildActionMask = 2147483647;
			files = (
			);
			inputFileListPaths = (
				"${PODS_ROOT}/Target Support Files/Pods-Dots/Pods-Dots-frameworks-${CONFIGURATION}-input-files.xcfilelist",
			);
			name = "[CP] Embed Pods Frameworks";
			outputFileListPaths = (
				"${PODS_ROOT}/Target Support Files/Pods-Dots/Pods-Dots-frameworks-${CONFIGURATION}-output-files.xcfilelist",
			);
			runOnlyForDeploymentPostprocessing = 0;
			shellPath = /bin/sh;
			shellScript = "\"${PODS_ROOT}/Target Support Files/Pods-Dots/Pods-Dots-frameworks.sh\"\n";
			showEnvVarsInLog = 0;
		};
		8D08E6E9E8008B15BE065E46 /* [CP] Embed Pods Frameworks */ = {
			isa = PBXShellScriptBuildPhase;
			buildActionMask = 2147483647;
			files = (
			);
			inputFileListPaths = (
				"${PODS_ROOT}/Target Support Files/Pods-Dots-DotsUITests/Pods-Dots-DotsUITests-frameworks-${CONFIGURATION}-input-files.xcfilelist",
			);
			name = "[CP] Embed Pods Frameworks";
			outputFileListPaths = (
				"${PODS_ROOT}/Target Support Files/Pods-Dots-DotsUITests/Pods-Dots-DotsUITests-frameworks-${CONFIGURATION}-output-files.xcfilelist",
			);
			runOnlyForDeploymentPostprocessing = 0;
			shellPath = /bin/sh;
			shellScript = "\"${PODS_ROOT}/Target Support Files/Pods-Dots-DotsUITests/Pods-Dots-DotsUITests-frameworks.sh\"\n";
			showEnvVarsInLog = 0;
		};
		8F5B55727AB7199C013D37D6 /* [CP] Check Pods Manifest.lock */ = {
			isa = PBXShellScriptBuildPhase;
			buildActionMask = 2147483647;
			files = (
			);
			inputFileListPaths = (
			);
			inputPaths = (
				"${PODS_PODFILE_DIR_PATH}/Podfile.lock",
				"${PODS_ROOT}/Manifest.lock",
			);
			name = "[CP] Check Pods Manifest.lock";
			outputFileListPaths = (
			);
			outputPaths = (
				"$(DERIVED_FILE_DIR)/Pods-DotsTests-checkManifestLockResult.txt",
			);
			runOnlyForDeploymentPostprocessing = 0;
			shellPath = /bin/sh;
			shellScript = "diff \"${PODS_PODFILE_DIR_PATH}/Podfile.lock\" \"${PODS_ROOT}/Manifest.lock\" > /dev/null\nif [ $? != 0 ] ; then\n    # print error to STDERR\n    echo \"error: The sandbox is not in sync with the Podfile.lock. Run 'pod install' or update your CocoaPods installation.\" >&2\n    exit 1\nfi\n# This output is used by Xcode 'outputs' to avoid re-running this script phase.\necho \"SUCCESS\" > \"${SCRIPT_OUTPUT_FILE_0}\"\n";
			showEnvVarsInLog = 0;
		};
		A57E29C78A4835A962067D95 /* [CP] Check Pods Manifest.lock */ = {
			isa = PBXShellScriptBuildPhase;
			buildActionMask = 2147483647;
			files = (
			);
			inputFileListPaths = (
			);
			inputPaths = (
				"${PODS_PODFILE_DIR_PATH}/Podfile.lock",
				"${PODS_ROOT}/Manifest.lock",
			);
			name = "[CP] Check Pods Manifest.lock";
			outputFileListPaths = (
			);
			outputPaths = (
				"$(DERIVED_FILE_DIR)/Pods-Dots-DotsUITests-checkManifestLockResult.txt",
			);
			runOnlyForDeploymentPostprocessing = 0;
			shellPath = /bin/sh;
			shellScript = "diff \"${PODS_PODFILE_DIR_PATH}/Podfile.lock\" \"${PODS_ROOT}/Manifest.lock\" > /dev/null\nif [ $? != 0 ] ; then\n    # print error to STDERR\n    echo \"error: The sandbox is not in sync with the Podfile.lock. Run 'pod install' or update your CocoaPods installation.\" >&2\n    exit 1\nfi\n# This output is used by Xcode 'outputs' to avoid re-running this script phase.\necho \"SUCCESS\" > \"${SCRIPT_OUTPUT_FILE_0}\"\n";
			showEnvVarsInLog = 0;
		};
		DE6DB1D2E9F7B2EB3626F3FA /* [CP] Check Pods Manifest.lock */ = {
			isa = PBXShellScriptBuildPhase;
			buildActionMask = 2147483647;
			files = (
			);
			inputFileListPaths = (
			);
			inputPaths = (
				"${PODS_PODFILE_DIR_PATH}/Podfile.lock",
				"${PODS_ROOT}/Manifest.lock",
			);
			name = "[CP] Check Pods Manifest.lock";
			outputFileListPaths = (
			);
			outputPaths = (
				"$(DERIVED_FILE_DIR)/Pods-Dots-checkManifestLockResult.txt",
			);
			runOnlyForDeploymentPostprocessing = 0;
			shellPath = /bin/sh;
			shellScript = "diff \"${PODS_PODFILE_DIR_PATH}/Podfile.lock\" \"${PODS_ROOT}/Manifest.lock\" > /dev/null\nif [ $? != 0 ] ; then\n    # print error to STDERR\n    echo \"error: The sandbox is not in sync with the Podfile.lock. Run 'pod install' or update your CocoaPods installation.\" >&2\n    exit 1\nfi\n# This output is used by Xcode 'outputs' to avoid re-running this script phase.\necho \"SUCCESS\" > \"${SCRIPT_OUTPUT_FILE_0}\"\n";
			showEnvVarsInLog = 0;
		};
/* End PBXShellScriptBuildPhase section */

/* Begin PBXSourcesBuildPhase section */
		47192A072858893C004FD2F3 /* Sources */ = {
			isa = PBXSourcesBuildPhase;
			buildActionMask = 2147483647;
			files = (
				47192A402858C065004FD2F3 /* InformationView.swift in Sources */,
				47192A442858C07B004FD2F3 /* SearchWordView.swift in Sources */,
				4783B130299CC103001A6027 /* AudioListView.swift in Sources */,
				47192A422858C073004FD2F3 /* PlaygroundView.swift in Sources */,
				47192A112858893C004FD2F3 /* ContentView.swift in Sources */,
				472226E228D84628002BF9E0 /* SheetView.swift in Sources */,
				47192A3E2858C057004FD2F3 /* SettingsView.swift in Sources */,
				47192A0F2858893C004FD2F3 /* DotsApp.swift in Sources */,
				47A24DB6296B456700BA287B /* ModifiersAndExtension.swift in Sources */,
				47F4C06629BC904300CA5D25 /* TestView.swift in Sources */,
				47EBF7C42860D80D00E8F230 /* Model.swift in Sources */,
				4783B12D299CBA5C001A6027 /* DownloadView.swift in Sources */,
				47EBF805286200CA00E8F230 /* LottieView.swift in Sources */,
				47192A392858BE7D004FD2F3 /* SplashScreenView.swift in Sources */,
				47F4C06829BC90BD00CA5D25 /* TextFieldCursorView.swift in Sources */,
				47192A462858C086004FD2F3 /* AudioView.swift in Sources */,
				4766E4CD28B351B200852495 /* ProgressView.swift in Sources */,
				47A24DBB296C13D200BA287B /* LouisViewModel.swift in Sources */,
			);
			runOnlyForDeploymentPostprocessing = 0;
		};
		47192A172858893D004FD2F3 /* Sources */ = {
			isa = PBXSourcesBuildPhase;
			buildActionMask = 2147483647;
			files = (
				47192A202858893D004FD2F3 /* DotsTests.swift in Sources */,
			);
			runOnlyForDeploymentPostprocessing = 0;
		};
		47192A212858893D004FD2F3 /* Sources */ = {
			isa = PBXSourcesBuildPhase;
			buildActionMask = 2147483647;
			files = (
				47192A2C2858893D004FD2F3 /* DotsUITestsLaunchTests.swift in Sources */,
				47192A2A2858893D004FD2F3 /* DotsUITests.swift in Sources */,
			);
			runOnlyForDeploymentPostprocessing = 0;
		};
/* End PBXSourcesBuildPhase section */

/* Begin PBXTargetDependency section */
		47192A1D2858893D004FD2F3 /* PBXTargetDependency */ = {
			isa = PBXTargetDependency;
			target = 47192A0A2858893C004FD2F3 /* Dots */;
			targetProxy = 47192A1C2858893D004FD2F3 /* PBXContainerItemProxy */;
		};
		47192A272858893D004FD2F3 /* PBXTargetDependency */ = {
			isa = PBXTargetDependency;
			target = 47192A0A2858893C004FD2F3 /* Dots */;
			targetProxy = 47192A262858893D004FD2F3 /* PBXContainerItemProxy */;
		};
/* End PBXTargetDependency section */

/* Begin PBXVariantGroup section */
		476A36D328F06CDC00F3909B /* Localizable.strings */ = {
			isa = PBXVariantGroup;
			children = (
				476A36D228F06CDC00F3909B /* en */,
				476A36D428F06CDE00F3909B /* nl */,
				476A36D728F076D500F3909B /* de */,
			);
			name = Localizable.strings;
			sourceTree = "<group>";
		};
/* End PBXVariantGroup section */

/* Begin XCBuildConfiguration section */
		47192A2D2858893D004FD2F3 /* Debug */ = {
			isa = XCBuildConfiguration;
			buildSettings = {
				ALWAYS_SEARCH_USER_PATHS = NO;
				CLANG_ANALYZER_LOCALIZABILITY_NONLOCALIZED = YES;
				CLANG_ANALYZER_NONNULL = YES;
				CLANG_ANALYZER_NUMBER_OBJECT_CONVERSION = YES_AGGRESSIVE;
				CLANG_CXX_LANGUAGE_STANDARD = "gnu++17";
				CLANG_ENABLE_MODULES = YES;
				CLANG_ENABLE_OBJC_ARC = YES;
				CLANG_ENABLE_OBJC_WEAK = YES;
				CLANG_WARN_BLOCK_CAPTURE_AUTORELEASING = YES;
				CLANG_WARN_BOOL_CONVERSION = YES;
				CLANG_WARN_COMMA = YES;
				CLANG_WARN_CONSTANT_CONVERSION = YES;
				CLANG_WARN_DEPRECATED_OBJC_IMPLEMENTATIONS = YES;
				CLANG_WARN_DIRECT_OBJC_ISA_USAGE = YES_ERROR;
				CLANG_WARN_DOCUMENTATION_COMMENTS = YES;
				CLANG_WARN_EMPTY_BODY = YES;
				CLANG_WARN_ENUM_CONVERSION = YES;
				CLANG_WARN_INFINITE_RECURSION = YES;
				CLANG_WARN_INT_CONVERSION = YES;
				CLANG_WARN_NON_LITERAL_NULL_CONVERSION = YES;
				CLANG_WARN_OBJC_IMPLICIT_RETAIN_SELF = YES;
				CLANG_WARN_OBJC_LITERAL_CONVERSION = YES;
				CLANG_WARN_OBJC_ROOT_CLASS = YES_ERROR;
				CLANG_WARN_QUOTED_INCLUDE_IN_FRAMEWORK_HEADER = YES;
				CLANG_WARN_RANGE_LOOP_ANALYSIS = YES;
				CLANG_WARN_STRICT_PROTOTYPES = YES;
				CLANG_WARN_SUSPICIOUS_MOVE = YES;
				CLANG_WARN_UNGUARDED_AVAILABILITY = YES_AGGRESSIVE;
				CLANG_WARN_UNREACHABLE_CODE = YES;
				CLANG_WARN__DUPLICATE_METHOD_MATCH = YES;
				COPY_PHASE_STRIP = NO;
				DEBUG_INFORMATION_FORMAT = dwarf;
				EMBED_ASSET_PACKS_IN_PRODUCT_BUNDLE = NO;
				ENABLE_STRICT_OBJC_MSGSEND = YES;
				ENABLE_TESTABILITY = YES;
				GCC_C_LANGUAGE_STANDARD = gnu11;
				GCC_DYNAMIC_NO_PIC = NO;
				GCC_NO_COMMON_BLOCKS = YES;
				GCC_OPTIMIZATION_LEVEL = 0;
				GCC_PREPROCESSOR_DEFINITIONS = (
					"DEBUG=1",
					"$(inherited)",
				);
				GCC_WARN_64_TO_32_BIT_CONVERSION = YES;
				GCC_WARN_ABOUT_RETURN_TYPE = YES_ERROR;
				GCC_WARN_UNDECLARED_SELECTOR = YES;
				GCC_WARN_UNINITIALIZED_AUTOS = YES_AGGRESSIVE;
				GCC_WARN_UNUSED_FUNCTION = YES;
				GCC_WARN_UNUSED_VARIABLE = YES;
				IPHONEOS_DEPLOYMENT_TARGET = 16.0;
				MTL_ENABLE_DEBUG_INFO = INCLUDE_SOURCE;
				MTL_FAST_MATH = YES;
				ONLY_ACTIVE_ARCH = YES;
				SDKROOT = iphoneos;
				SWIFT_ACTIVE_COMPILATION_CONDITIONS = DEBUG;
				SWIFT_OPTIMIZATION_LEVEL = "-Onone";
			};
			name = Debug;
		};
		47192A2E2858893D004FD2F3 /* Release */ = {
			isa = XCBuildConfiguration;
			buildSettings = {
				ALWAYS_SEARCH_USER_PATHS = NO;
				CLANG_ANALYZER_LOCALIZABILITY_NONLOCALIZED = YES;
				CLANG_ANALYZER_NONNULL = YES;
				CLANG_ANALYZER_NUMBER_OBJECT_CONVERSION = YES_AGGRESSIVE;
				CLANG_CXX_LANGUAGE_STANDARD = "gnu++17";
				CLANG_ENABLE_MODULES = YES;
				CLANG_ENABLE_OBJC_ARC = YES;
				CLANG_ENABLE_OBJC_WEAK = YES;
				CLANG_WARN_BLOCK_CAPTURE_AUTORELEASING = YES;
				CLANG_WARN_BOOL_CONVERSION = YES;
				CLANG_WARN_COMMA = YES;
				CLANG_WARN_CONSTANT_CONVERSION = YES;
				CLANG_WARN_DEPRECATED_OBJC_IMPLEMENTATIONS = YES;
				CLANG_WARN_DIRECT_OBJC_ISA_USAGE = YES_ERROR;
				CLANG_WARN_DOCUMENTATION_COMMENTS = YES;
				CLANG_WARN_EMPTY_BODY = YES;
				CLANG_WARN_ENUM_CONVERSION = YES;
				CLANG_WARN_INFINITE_RECURSION = YES;
				CLANG_WARN_INT_CONVERSION = YES;
				CLANG_WARN_NON_LITERAL_NULL_CONVERSION = YES;
				CLANG_WARN_OBJC_IMPLICIT_RETAIN_SELF = YES;
				CLANG_WARN_OBJC_LITERAL_CONVERSION = YES;
				CLANG_WARN_OBJC_ROOT_CLASS = YES_ERROR;
				CLANG_WARN_QUOTED_INCLUDE_IN_FRAMEWORK_HEADER = YES;
				CLANG_WARN_RANGE_LOOP_ANALYSIS = YES;
				CLANG_WARN_STRICT_PROTOTYPES = YES;
				CLANG_WARN_SUSPICIOUS_MOVE = YES;
				CLANG_WARN_UNGUARDED_AVAILABILITY = YES_AGGRESSIVE;
				CLANG_WARN_UNREACHABLE_CODE = YES;
				CLANG_WARN__DUPLICATE_METHOD_MATCH = YES;
				COPY_PHASE_STRIP = NO;
				DEBUG_INFORMATION_FORMAT = "dwarf-with-dsym";
				EMBED_ASSET_PACKS_IN_PRODUCT_BUNDLE = NO;
				ENABLE_NS_ASSERTIONS = NO;
				ENABLE_STRICT_OBJC_MSGSEND = YES;
				GCC_C_LANGUAGE_STANDARD = gnu11;
				GCC_NO_COMMON_BLOCKS = YES;
				GCC_WARN_64_TO_32_BIT_CONVERSION = YES;
				GCC_WARN_ABOUT_RETURN_TYPE = YES_ERROR;
				GCC_WARN_UNDECLARED_SELECTOR = YES;
				GCC_WARN_UNINITIALIZED_AUTOS = YES_AGGRESSIVE;
				GCC_WARN_UNUSED_FUNCTION = YES;
				GCC_WARN_UNUSED_VARIABLE = YES;
				IPHONEOS_DEPLOYMENT_TARGET = 16.0;
				MTL_ENABLE_DEBUG_INFO = NO;
				MTL_FAST_MATH = YES;
				SDKROOT = iphoneos;
				SWIFT_COMPILATION_MODE = wholemodule;
				SWIFT_OPTIMIZATION_LEVEL = "-O";
				VALIDATE_PRODUCT = YES;
			};
			name = Release;
		};
		47192A302858893D004FD2F3 /* Debug */ = {
			isa = XCBuildConfiguration;
			baseConfigurationReference = 6A0F2F6A7B27A14325C27112 /* Pods-Dots.debug.xcconfig */;
			buildSettings = {
				ASSETCATALOG_COMPILER_APPICON_NAME = AppIcon;
				ASSETCATALOG_COMPILER_GLOBAL_ACCENT_COLOR_NAME = AccentColor;
				ASSETCATALOG_COMPILER_INCLUDE_ALL_APPICON_ASSETS = NO;
				CODE_SIGN_STYLE = Automatic;
				CURRENT_PROJECT_VERSION = 49;
				DEVELOPMENT_ASSET_PATHS = "\"Dots/Preview Content\"";
				DEVELOPMENT_TEAM = 278BFDM8KA;
				ENABLE_PREVIEWS = YES;
				GENERATE_INFOPLIST_FILE = YES;
				INFOPLIST_FILE = Dots/Info.plist;
				INFOPLIST_KEY_CFBundleDisplayName = Louis;
				INFOPLIST_KEY_LSApplicationCategoryType = "public.app-category.education";
				INFOPLIST_KEY_NSMicrophoneUsageDescription = "This app uses the mircrophone to record audio for speech recognition.";
				INFOPLIST_KEY_NSSpeechRecognitionUsageDescription = "This app uses speech recognition to convert your speech into text.";
				INFOPLIST_KEY_UIApplicationSceneManifest_Generation = YES;
				INFOPLIST_KEY_UIApplicationSupportsIndirectInputEvents = YES;
				INFOPLIST_KEY_UILaunchScreen_Generation = YES;
				INFOPLIST_KEY_UIStatusBarStyle = "";
				INFOPLIST_KEY_UISupportedInterfaceOrientations = UIInterfaceOrientationPortrait;
				INFOPLIST_KEY_UISupportedInterfaceOrientations_iPad = "UIInterfaceOrientationLandscapeLeft UIInterfaceOrientationLandscapeRight UIInterfaceOrientationPortraitUpsideDown";
				IPHONEOS_DEPLOYMENT_TARGET = 15.0;
				LD_RUNPATH_SEARCH_PATHS = (
					"$(inherited)",
					"@executable_path/Frameworks",
				);
				MARKETING_VERSION = 0.1.0;
				PRODUCT_BUNDLE_IDENTIFIER = www.tastenbraille.com.Dots;
				PRODUCT_NAME = "$(TARGET_NAME)";
				SUPPORTED_PLATFORMS = "iphoneos iphonesimulator";
				SUPPORTS_MACCATALYST = NO;
				SUPPORTS_MAC_DESIGNED_FOR_IPHONE_IPAD = NO;
				SWIFT_EMIT_LOC_STRINGS = YES;
				SWIFT_VERSION = 5.0;
				TARGETED_DEVICE_FAMILY = 1;
			};
			name = Debug;
		};
		47192A312858893D004FD2F3 /* Release */ = {
			isa = XCBuildConfiguration;
			baseConfigurationReference = 2FF2D18518D06B87F3891DBC /* Pods-Dots.release.xcconfig */;
			buildSettings = {
				ASSETCATALOG_COMPILER_APPICON_NAME = AppIcon;
				ASSETCATALOG_COMPILER_GLOBAL_ACCENT_COLOR_NAME = AccentColor;
				ASSETCATALOG_COMPILER_INCLUDE_ALL_APPICON_ASSETS = NO;
				CODE_SIGN_STYLE = Automatic;
				CURRENT_PROJECT_VERSION = 49;
				DEVELOPMENT_ASSET_PATHS = "\"Dots/Preview Content\"";
				DEVELOPMENT_TEAM = 278BFDM8KA;
				ENABLE_PREVIEWS = YES;
				GENERATE_INFOPLIST_FILE = YES;
				INFOPLIST_FILE = Dots/Info.plist;
				INFOPLIST_KEY_CFBundleDisplayName = Louis;
				INFOPLIST_KEY_LSApplicationCategoryType = "public.app-category.education";
				INFOPLIST_KEY_NSMicrophoneUsageDescription = "This app uses the mircrophone to record audio for speech recognition.";
				INFOPLIST_KEY_NSSpeechRecognitionUsageDescription = "This app uses speech recognition to convert your speech into text.";
				INFOPLIST_KEY_UIApplicationSceneManifest_Generation = YES;
				INFOPLIST_KEY_UIApplicationSupportsIndirectInputEvents = YES;
				INFOPLIST_KEY_UILaunchScreen_Generation = YES;
				INFOPLIST_KEY_UIStatusBarStyle = "";
				INFOPLIST_KEY_UISupportedInterfaceOrientations = UIInterfaceOrientationPortrait;
				INFOPLIST_KEY_UISupportedInterfaceOrientations_iPad = "UIInterfaceOrientationLandscapeLeft UIInterfaceOrientationLandscapeRight UIInterfaceOrientationPortraitUpsideDown";
				IPHONEOS_DEPLOYMENT_TARGET = 15.0;
				LD_RUNPATH_SEARCH_PATHS = (
					"$(inherited)",
					"@executable_path/Frameworks",
				);
				MARKETING_VERSION = 0.1.0;
				PRODUCT_BUNDLE_IDENTIFIER = www.tastenbraille.com.Dots;
				PRODUCT_NAME = "$(TARGET_NAME)";
				SUPPORTED_PLATFORMS = "iphoneos iphonesimulator";
				SUPPORTS_MACCATALYST = NO;
				SUPPORTS_MAC_DESIGNED_FOR_IPHONE_IPAD = NO;
				SWIFT_EMIT_LOC_STRINGS = YES;
				SWIFT_VERSION = 5.0;
				TARGETED_DEVICE_FAMILY = 1;
			};
			name = Release;
		};
		47192A332858893D004FD2F3 /* Debug */ = {
			isa = XCBuildConfiguration;
			baseConfigurationReference = E450D1EF9817A1AC1CB78347 /* Pods-DotsTests.debug.xcconfig */;
			buildSettings = {
				ALWAYS_EMBED_SWIFT_STANDARD_LIBRARIES = YES;
				BUNDLE_LOADER = "$(TEST_HOST)";
				CODE_SIGN_STYLE = Automatic;
				CURRENT_PROJECT_VERSION = 1;
				DEVELOPMENT_TEAM = 278BFDM8KA;
				GENERATE_INFOPLIST_FILE = YES;
				IPHONEOS_DEPLOYMENT_TARGET = 15.5;
				MARKETING_VERSION = 1.0;
				PRODUCT_BUNDLE_IDENTIFIER = www.tastenbraille.com.DotsTests;
				PRODUCT_NAME = "$(TARGET_NAME)";
				SWIFT_EMIT_LOC_STRINGS = NO;
				SWIFT_VERSION = 5.0;
				TARGETED_DEVICE_FAMILY = "1,2";
				TEST_HOST = "$(BUILT_PRODUCTS_DIR)/Dots.app/Dots";
			};
			name = Debug;
		};
		47192A342858893D004FD2F3 /* Release */ = {
			isa = XCBuildConfiguration;
			baseConfigurationReference = D6F41CDD3703775CA3249698 /* Pods-DotsTests.release.xcconfig */;
			buildSettings = {
				ALWAYS_EMBED_SWIFT_STANDARD_LIBRARIES = YES;
				BUNDLE_LOADER = "$(TEST_HOST)";
				CODE_SIGN_STYLE = Automatic;
				CURRENT_PROJECT_VERSION = 1;
				DEVELOPMENT_TEAM = 278BFDM8KA;
				GENERATE_INFOPLIST_FILE = YES;
				IPHONEOS_DEPLOYMENT_TARGET = 15.5;
				MARKETING_VERSION = 1.0;
				PRODUCT_BUNDLE_IDENTIFIER = www.tastenbraille.com.DotsTests;
				PRODUCT_NAME = "$(TARGET_NAME)";
				SWIFT_EMIT_LOC_STRINGS = NO;
				SWIFT_VERSION = 5.0;
				TARGETED_DEVICE_FAMILY = "1,2";
				TEST_HOST = "$(BUILT_PRODUCTS_DIR)/Dots.app/Dots";
			};
			name = Release;
		};
		47192A362858893D004FD2F3 /* Debug */ = {
			isa = XCBuildConfiguration;
			baseConfigurationReference = 89E9E618F8BB6F7D758CFECA /* Pods-Dots-DotsUITests.debug.xcconfig */;
			buildSettings = {
				ALWAYS_EMBED_SWIFT_STANDARD_LIBRARIES = YES;
				CODE_SIGN_STYLE = Automatic;
				CURRENT_PROJECT_VERSION = 1;
				DEVELOPMENT_TEAM = 278BFDM8KA;
				GENERATE_INFOPLIST_FILE = YES;
				MARKETING_VERSION = 1.0;
				PRODUCT_BUNDLE_IDENTIFIER = www.tastenbraille.com.DotsUITests;
				PRODUCT_NAME = "$(TARGET_NAME)";
				SWIFT_EMIT_LOC_STRINGS = NO;
				SWIFT_VERSION = 5.0;
				TARGETED_DEVICE_FAMILY = "1,2";
				TEST_TARGET_NAME = Dots;
			};
			name = Debug;
		};
		47192A372858893D004FD2F3 /* Release */ = {
			isa = XCBuildConfiguration;
			baseConfigurationReference = 02717942F7724CEA930D166C /* Pods-Dots-DotsUITests.release.xcconfig */;
			buildSettings = {
				ALWAYS_EMBED_SWIFT_STANDARD_LIBRARIES = YES;
				CODE_SIGN_STYLE = Automatic;
				CURRENT_PROJECT_VERSION = 1;
				DEVELOPMENT_TEAM = 278BFDM8KA;
				GENERATE_INFOPLIST_FILE = YES;
				MARKETING_VERSION = 1.0;
				PRODUCT_BUNDLE_IDENTIFIER = www.tastenbraille.com.DotsUITests;
				PRODUCT_NAME = "$(TARGET_NAME)";
				SWIFT_EMIT_LOC_STRINGS = NO;
				SWIFT_VERSION = 5.0;
				TARGETED_DEVICE_FAMILY = "1,2";
				TEST_TARGET_NAME = Dots;
			};
			name = Release;
		};
/* End XCBuildConfiguration section */

/* Begin XCConfigurationList section */
		47192A062858893C004FD2F3 /* Build configuration list for PBXProject "Dots" */ = {
			isa = XCConfigurationList;
			buildConfigurations = (
				47192A2D2858893D004FD2F3 /* Debug */,
				47192A2E2858893D004FD2F3 /* Release */,
			);
			defaultConfigurationIsVisible = 0;
			defaultConfigurationName = Release;
		};
		47192A2F2858893D004FD2F3 /* Build configuration list for PBXNativeTarget "Dots" */ = {
			isa = XCConfigurationList;
			buildConfigurations = (
				47192A302858893D004FD2F3 /* Debug */,
				47192A312858893D004FD2F3 /* Release */,
			);
			defaultConfigurationIsVisible = 0;
			defaultConfigurationName = Release;
		};
		47192A322858893D004FD2F3 /* Build configuration list for PBXNativeTarget "DotsTests" */ = {
			isa = XCConfigurationList;
			buildConfigurations = (
				47192A332858893D004FD2F3 /* Debug */,
				47192A342858893D004FD2F3 /* Release */,
			);
			defaultConfigurationIsVisible = 0;
			defaultConfigurationName = Release;
		};
		47192A352858893D004FD2F3 /* Build configuration list for PBXNativeTarget "DotsUITests" */ = {
			isa = XCConfigurationList;
			buildConfigurations = (
				47192A362858893D004FD2F3 /* Debug */,
				47192A372858893D004FD2F3 /* Release */,
			);
			defaultConfigurationIsVisible = 0;
			defaultConfigurationName = Release;
		};
/* End XCConfigurationList section */

/* Begin XCRemoteSwiftPackageReference section */
		472B107D29AD25EC00EC685C /* XCRemoteSwiftPackageReference "SwiftSpeech" */ = {
			isa = XCRemoteSwiftPackageReference;
			repositoryURL = "https://github.com/Cay-Zhang/SwiftSpeech";
			requirement = {
				branch = master;
				kind = branch;
			};
		};
		47403EE229910C68005EFBA7 /* XCRemoteSwiftPackageReference "ZipArchive" */ = {
			isa = XCRemoteSwiftPackageReference;
			repositoryURL = "https://github.com/ZipArchive/ZipArchive";
			requirement = {
				branch = master;
				kind = branch;
			};
		};
		47403EE529910ED7005EFBA7 /* XCRemoteSwiftPackageReference "ProgressIndicatorView" */ = {
			isa = XCRemoteSwiftPackageReference;
			repositoryURL = "https://github.com/exyte/ProgressIndicatorView.git";
			requirement = {
				branch = master;
				kind = branch;
			};
		};
		4765613E29ABF13100658927 /* XCRemoteSwiftPackageReference "SwiftProgress" */ = {
			isa = XCRemoteSwiftPackageReference;
			repositoryURL = "https://github.com/EnesKaraosman/SwiftProgress.git";
			requirement = {
				branch = master;
				kind = branch;
			};
		};
		4766E4C928B3519A00852495 /* XCRemoteSwiftPackageReference "StepperView" */ = {
			isa = XCRemoteSwiftPackageReference;
			repositoryURL = "https://github.com/badrinathvm/StepperView";
			requirement = {
				kind = upToNextMajorVersion;
				minimumVersion = 1.0.0;
			};
		};
		47B09A24298805250030B9CF /* XCRemoteSwiftPackageReference "Alamofire" */ = {
			isa = XCRemoteSwiftPackageReference;
			repositoryURL = "https://github.com/Alamofire/Alamofire";
			requirement = {
				kind = upToNextMajorVersion;
				minimumVersion = 5.0.0;
			};
		};
		47EBF806286200F700E8F230 /* XCRemoteSwiftPackageReference "lottie-ios" */ = {
			isa = XCRemoteSwiftPackageReference;
			repositoryURL = "https://github.com/airbnb/lottie-ios";
			requirement = {
				kind = upToNextMajorVersion;
				minimumVersion = 3.0.0;
			};
		};
		47F4C02429BA0CB200CA5D25 /* XCRemoteSwiftPackageReference "SwiftyBeaver" */ = {
			isa = XCRemoteSwiftPackageReference;
			repositoryURL = "https://github.com/SwiftyBeaver/SwiftyBeaver.git";
			requirement = {
				branch = master;
				kind = branch;
			};
		};
/* End XCRemoteSwiftPackageReference section */

/* Begin XCSwiftPackageProductDependency section */
		472B107E29AD25EC00EC685C /* SwiftSpeech */ = {
			isa = XCSwiftPackageProductDependency;
			package = 472B107D29AD25EC00EC685C /* XCRemoteSwiftPackageReference "SwiftSpeech" */;
			productName = SwiftSpeech;
		};
		47403EE329910C68005EFBA7 /* ZipArchive */ = {
			isa = XCSwiftPackageProductDependency;
			package = 47403EE229910C68005EFBA7 /* XCRemoteSwiftPackageReference "ZipArchive" */;
			productName = ZipArchive;
		};
		47403EE629910ED7005EFBA7 /* ProgressIndicatorView */ = {
			isa = XCSwiftPackageProductDependency;
			package = 47403EE529910ED7005EFBA7 /* XCRemoteSwiftPackageReference "ProgressIndicatorView" */;
			productName = ProgressIndicatorView;
		};
		4765613F29ABF13100658927 /* SwiftProgress */ = {
			isa = XCSwiftPackageProductDependency;
			package = 4765613E29ABF13100658927 /* XCRemoteSwiftPackageReference "SwiftProgress" */;
			productName = SwiftProgress;
		};
		4766E4CA28B3519A00852495 /* StepperView */ = {
			isa = XCSwiftPackageProductDependency;
			package = 4766E4C928B3519A00852495 /* XCRemoteSwiftPackageReference "StepperView" */;
			productName = StepperView;
		};
		47B09A25298805250030B9CF /* Alamofire */ = {
			isa = XCSwiftPackageProductDependency;
			package = 47B09A24298805250030B9CF /* XCRemoteSwiftPackageReference "Alamofire" */;
			productName = Alamofire;
		};
		47EBF807286200F700E8F230 /* Lottie */ = {
			isa = XCSwiftPackageProductDependency;
			package = 47EBF806286200F700E8F230 /* XCRemoteSwiftPackageReference "lottie-ios" */;
			productName = Lottie;
		};
		47F4C02529BA0CB200CA5D25 /* SwiftyBeaver */ = {
			isa = XCSwiftPackageProductDependency;
			package = 47F4C02429BA0CB200CA5D25 /* XCRemoteSwiftPackageReference "SwiftyBeaver" */;
			productName = SwiftyBeaver;
		};
/* End XCSwiftPackageProductDependency section */
	};
	rootObject = 47192A032858893C004FD2F3 /* Project object */;
}
